// !$*UTF8*$!
{
	archiveVersion = 1;
	classes = {
	};
	objectVersion = 46;
	objects = {

/* Begin PBXBuildFile section */
		605D2EFB19131A2800F41E2E /* Foundation.framework in Frameworks */ = {isa = PBXBuildFile; fileRef = 605D2EFA19131A2800F41E2E /* Foundation.framework */; };
		605D2EFD19131A2800F41E2E /* CoreGraphics.framework in Frameworks */ = {isa = PBXBuildFile; fileRef = 605D2EFC19131A2800F41E2E /* CoreGraphics.framework */; };
		605D2EFF19131A2800F41E2E /* UIKit.framework in Frameworks */ = {isa = PBXBuildFile; fileRef = 605D2EFE19131A2800F41E2E /* UIKit.framework */; };
		605D2F0519131A2800F41E2E /* InfoPlist.strings in Resources */ = {isa = PBXBuildFile; fileRef = 605D2F0319131A2800F41E2E /* InfoPlist.strings */; };
		605D2F0719131A2800F41E2E /* main.m in Sources */ = {isa = PBXBuildFile; fileRef = 605D2F0619131A2800F41E2E /* main.m */; };
		605D2F0B19131A2800F41E2E /* EVXAppDelegate.m in Sources */ = {isa = PBXBuildFile; fileRef = 605D2F0A19131A2800F41E2E /* EVXAppDelegate.m */; };
		605D2F0D19131A2800F41E2E /* Images.xcassets in Resources */ = {isa = PBXBuildFile; fileRef = 605D2F0C19131A2800F41E2E /* Images.xcassets */; };
		605D2F1419131A2800F41E2E /* XCTest.framework in Frameworks */ = {isa = PBXBuildFile; fileRef = 605D2F1319131A2800F41E2E /* XCTest.framework */; };
		605D2F1519131A2800F41E2E /* Foundation.framework in Frameworks */ = {isa = PBXBuildFile; fileRef = 605D2EFA19131A2800F41E2E /* Foundation.framework */; };
		605D2F1619131A2800F41E2E /* UIKit.framework in Frameworks */ = {isa = PBXBuildFile; fileRef = 605D2EFE19131A2800F41E2E /* UIKit.framework */; };
		605D2F1E19131A2800F41E2E /* InfoPlist.strings in Resources */ = {isa = PBXBuildFile; fileRef = 605D2F1C19131A2800F41E2E /* InfoPlist.strings */; };
		605D2F2019131A2800F41E2E /* AttendanceCheckerTests.m in Sources */ = {isa = PBXBuildFile; fileRef = 605D2F1F19131A2800F41E2E /* AttendanceCheckerTests.m */; };
/* End PBXBuildFile section */

/* Begin PBXContainerItemProxy section */
		605D2F1719131A2800F41E2E /* PBXContainerItemProxy */ = {
			isa = PBXContainerItemProxy;
			containerPortal = 605D2EEF19131A2800F41E2E /* Project object */;
			proxyType = 1;
			remoteGlobalIDString = 605D2EF619131A2800F41E2E;
			remoteInfo = AttendanceChecker;
		};
/* End PBXContainerItemProxy section */

/* Begin PBXFileReference section */
		605D2EF719131A2800F41E2E /* AttendanceChecker.app */ = {isa = PBXFileReference; explicitFileType = wrapper.application; includeInIndex = 0; path = AttendanceChecker.app; sourceTree = BUILT_PRODUCTS_DIR; };
		605D2EFA19131A2800F41E2E /* Foundation.framework */ = {isa = PBXFileReference; lastKnownFileType = wrapper.framework; name = Foundation.framework; path = System/Library/Frameworks/Foundation.framework; sourceTree = SDKROOT; };
		605D2EFC19131A2800F41E2E /* CoreGraphics.framework */ = {isa = PBXFileReference; lastKnownFileType = wrapper.framework; name = CoreGraphics.framework; path = System/Library/Frameworks/CoreGraphics.framework; sourceTree = SDKROOT; };
		605D2EFE19131A2800F41E2E /* UIKit.framework */ = {isa = PBXFileReference; lastKnownFileType = wrapper.framework; name = UIKit.framework; path = System/Library/Frameworks/UIKit.framework; sourceTree = SDKROOT; };
		605D2F0219131A2800F41E2E /* AttendanceChecker-Info.plist */ = {isa = PBXFileReference; lastKnownFileType = text.plist.xml; path = "AttendanceChecker-Info.plist"; sourceTree = "<group>"; };
		605D2F0419131A2800F41E2E /* en */ = {isa = PBXFileReference; lastKnownFileType = text.plist.strings; name = en; path = en.lproj/InfoPlist.strings; sourceTree = "<group>"; };
		605D2F0619131A2800F41E2E /* main.m */ = {isa = PBXFileReference; lastKnownFileType = sourcecode.c.objc; path = main.m; sourceTree = "<group>"; };
		605D2F0819131A2800F41E2E /* AttendanceChecker-Prefix.pch */ = {isa = PBXFileReference; lastKnownFileType = sourcecode.c.h; path = "AttendanceChecker-Prefix.pch"; sourceTree = "<group>"; };
		605D2F0919131A2800F41E2E /* EVXAppDelegate.h */ = {isa = PBXFileReference; lastKnownFileType = sourcecode.c.h; path = EVXAppDelegate.h; sourceTree = "<group>"; };
		605D2F0A19131A2800F41E2E /* EVXAppDelegate.m */ = {isa = PBXFileReference; lastKnownFileType = sourcecode.c.objc; path = EVXAppDelegate.m; sourceTree = "<group>"; };
		605D2F0C19131A2800F41E2E /* Images.xcassets */ = {isa = PBXFileReference; lastKnownFileType = folder.assetcatalog; path = Images.xcassets; sourceTree = "<group>"; };
		605D2F1219131A2800F41E2E /* AttendanceCheckerTests.xctest */ = {isa = PBXFileReference; explicitFileType = wrapper.cfbundle; includeInIndex = 0; path = AttendanceCheckerTests.xctest; sourceTree = BUILT_PRODUCTS_DIR; };
		605D2F1319131A2800F41E2E /* XCTest.framework */ = {isa = PBXFileReference; lastKnownFileType = wrapper.framework; name = XCTest.framework; path = Library/Frameworks/XCTest.framework; sourceTree = DEVELOPER_DIR; };
		605D2F1B19131A2800F41E2E /* AttendanceCheckerTests-Info.plist */ = {isa = PBXFileReference; lastKnownFileType = text.plist.xml; path = "AttendanceCheckerTests-Info.plist"; sourceTree = "<group>"; };
		605D2F1D19131A2800F41E2E /* en */ = {isa = PBXFileReference; lastKnownFileType = text.plist.strings; name = en; path = en.lproj/InfoPlist.strings; sourceTree = "<group>"; };
		605D2F1F19131A2800F41E2E /* AttendanceCheckerTests.m */ = {isa = PBXFileReference; lastKnownFileType = sourcecode.c.objc; path = AttendanceCheckerTests.m; sourceTree = "<group>"; };
/* End PBXFileReference section */

/* Begin PBXFrameworksBuildPhase section */
		605D2EF419131A2800F41E2E /* Frameworks */ = {
			isa = PBXFrameworksBuildPhase;
			buildActionMask = 2147483647;
			files = (
				605D2EFD19131A2800F41E2E /* CoreGraphics.framework in Frameworks */,
				605D2EFF19131A2800F41E2E /* UIKit.framework in Frameworks */,
				605D2EFB19131A2800F41E2E /* Foundation.framework in Frameworks */,
			);
			runOnlyForDeploymentPostprocessing = 0;
		};
		605D2F0F19131A2800F41E2E /* Frameworks */ = {
			isa = PBXFrameworksBuildPhase;
			buildActionMask = 2147483647;
			files = (
				605D2F1419131A2800F41E2E /* XCTest.framework in Frameworks */,
				605D2F1619131A2800F41E2E /* UIKit.framework in Frameworks */,
				605D2F1519131A2800F41E2E /* Foundation.framework in Frameworks */,
			);
			runOnlyForDeploymentPostprocessing = 0;
		};
/* End PBXFrameworksBuildPhase section */

/* Begin PBXGroup section */
		605D2EEE19131A2800F41E2E = {
			isa = PBXGroup;
			children = (
				605D2F0019131A2800F41E2E /* AttendanceChecker */,
				605D2F1919131A2800F41E2E /* AttendanceCheckerTests */,
				605D2EF919131A2800F41E2E /* Frameworks */,
				605D2EF819131A2800F41E2E /* Products */,
			);
			sourceTree = "<group>";
		};
		605D2EF819131A2800F41E2E /* Products */ = {
			isa = PBXGroup;
			children = (
				605D2EF719131A2800F41E2E /* AttendanceChecker.app */,
				605D2F1219131A2800F41E2E /* AttendanceCheckerTests.xctest */,
			);
			name = Products;
			sourceTree = "<group>";
		};
		605D2EF919131A2800F41E2E /* Frameworks */ = {
			isa = PBXGroup;
			children = (
				605D2EFA19131A2800F41E2E /* Foundation.framework */,
				605D2EFC19131A2800F41E2E /* CoreGraphics.framework */,
				605D2EFE19131A2800F41E2E /* UIKit.framework */,
				605D2F1319131A2800F41E2E /* XCTest.framework */,
			);
			name = Frameworks;
			sourceTree = "<group>";
		};
		605D2F0019131A2800F41E2E /* AttendanceChecker */ = {
			isa = PBXGroup;
			children = (
				605D2F0919131A2800F41E2E /* EVXAppDelegate.h */,
				605D2F0A19131A2800F41E2E /* EVXAppDelegate.m */,
				605D2F0C19131A2800F41E2E /* Images.xcassets */,
				605D2F0119131A2800F41E2E /* Supporting Files */,
			);
			path = AttendanceChecker;
			sourceTree = "<group>";
		};
		605D2F0119131A2800F41E2E /* Supporting Files */ = {
			isa = PBXGroup;
			children = (
				605D2F0219131A2800F41E2E /* AttendanceChecker-Info.plist */,
				605D2F0319131A2800F41E2E /* InfoPlist.strings */,
				605D2F0619131A2800F41E2E /* main.m */,
				605D2F0819131A2800F41E2E /* AttendanceChecker-Prefix.pch */,
			);
			name = "Supporting Files";
			sourceTree = "<group>";
		};
		605D2F1919131A2800F41E2E /* AttendanceCheckerTests */ = {
			isa = PBXGroup;
			children = (
				605D2F1F19131A2800F41E2E /* AttendanceCheckerTests.m */,
				605D2F1A19131A2800F41E2E /* Supporting Files */,
			);
			path = AttendanceCheckerTests;
			sourceTree = "<group>";
		};
		605D2F1A19131A2800F41E2E /* Supporting Files */ = {
			isa = PBXGroup;
			children = (
				605D2F1B19131A2800F41E2E /* AttendanceCheckerTests-Info.plist */,
				605D2F1C19131A2800F41E2E /* InfoPlist.strings */,
			);
			name = "Supporting Files";
			sourceTree = "<group>";
		};
/* End PBXGroup section */

/* Begin PBXNativeTarget section */
		605D2EF619131A2800F41E2E /* AttendanceChecker */ = {
			isa = PBXNativeTarget;
			buildConfigurationList = 605D2F2319131A2800F41E2E /* Build configuration list for PBXNativeTarget "AttendanceChecker" */;
			buildPhases = (
				605D2EF319131A2800F41E2E /* Sources */,
				605D2EF419131A2800F41E2E /* Frameworks */,
				605D2EF519131A2800F41E2E /* Resources */,
			);
			buildRules = (
			);
			dependencies = (
			);
			name = AttendanceChecker;
			productName = AttendanceChecker;
			productReference = 605D2EF719131A2800F41E2E /* AttendanceChecker.app */;
			productType = "com.apple.product-type.application";
		};
		605D2F1119131A2800F41E2E /* AttendanceCheckerTests */ = {
			isa = PBXNativeTarget;
			buildConfigurationList = 605D2F2619131A2800F41E2E /* Build configuration list for PBXNativeTarget "AttendanceCheckerTests" */;
			buildPhases = (
				605D2F0E19131A2800F41E2E /* Sources */,
				605D2F0F19131A2800F41E2E /* Frameworks */,
				605D2F1019131A2800F41E2E /* Resources */,
			);
			buildRules = (
			);
			dependencies = (
				605D2F1819131A2800F41E2E /* PBXTargetDependency */,
			);
			name = AttendanceCheckerTests;
			productName = AttendanceCheckerTests;
			productReference = 605D2F1219131A2800F41E2E /* AttendanceCheckerTests.xctest */;
			productType = "com.apple.product-type.bundle.unit-test";
		};
/* End PBXNativeTarget section */

/* Begin PBXProject section */
		605D2EEF19131A2800F41E2E /* Project object */ = {
			isa = PBXProject;
			attributes = {
				CLASSPREFIX = EVX;
				LastUpgradeCheck = 0510;
				ORGANIZATIONNAME = evxyz001;
				TargetAttributes = {
					605D2F1119131A2800F41E2E = {
						TestTargetID = 605D2EF619131A2800F41E2E;
					};
				};
			};
			buildConfigurationList = 605D2EF219131A2800F41E2E /* Build configuration list for PBXProject "AttendanceChecker" */;
			compatibilityVersion = "Xcode 3.2";
			developmentRegion = English;
			hasScannedForEncodings = 0;
			knownRegions = (
				en,
			);
			mainGroup = 605D2EEE19131A2800F41E2E;
			productRefGroup = 605D2EF819131A2800F41E2E /* Products */;
			projectDirPath = "";
			projectRoot = "";
			targets = (
				605D2EF619131A2800F41E2E /* AttendanceChecker */,
				605D2F1119131A2800F41E2E /* AttendanceCheckerTests */,
			);
		};
/* End PBXProject section */

/* Begin PBXResourcesBuildPhase section */
		605D2EF519131A2800F41E2E /* Resources */ = {
			isa = PBXResourcesBuildPhase;
			buildActionMask = 2147483647;
			files = (
				605D2F0519131A2800F41E2E /* InfoPlist.strings in Resources */,
				605D2F0D19131A2800F41E2E /* Images.xcassets in Resources */,
			);
			runOnlyForDeploymentPostprocessing = 0;
		};
		605D2F1019131A2800F41E2E /* Resources */ = {
			isa = PBXResourcesBuildPhase;
			buildActionMask = 2147483647;
			files = (
				605D2F1E19131A2800F41E2E /* InfoPlist.strings in Resources */,
			);
			runOnlyForDeploymentPostprocessing = 0;
		};
/* End PBXResourcesBuildPhase section */

/* Begin PBXSourcesBuildPhase section */
		605D2EF319131A2800F41E2E /* Sources */ = {
			isa = PBXSourcesBuildPhase;
			buildActionMask = 2147483647;
			files = (
				605D2F0B19131A2800F41E2E /* EVXAppDelegate.m in Sources */,
				605D2F0719131A2800F41E2E /* main.m in Sources */,
			);
			runOnlyForDeploymentPostprocessing = 0;
		};
		605D2F0E19131A2800F41E2E /* Sources */ = {
			isa = PBXSourcesBuildPhase;
			buildActionMask = 2147483647;
			files = (
				605D2F2019131A2800F41E2E /* AttendanceCheckerTests.m in Sources */,
			);
			runOnlyForDeploymentPostprocessing = 0;
		};
/* End PBXSourcesBuildPhase section */

/* Begin PBXTargetDependency section */
		605D2F1819131A2800F41E2E /* PBXTargetDependency */ = {
			isa = PBXTargetDependency;
			target = 605D2EF619131A2800F41E2E /* AttendanceChecker */;
			targetProxy = 605D2F1719131A2800F41E2E /* PBXContainerItemProxy */;
		};
/* End PBXTargetDependency section */

/* Begin PBXVariantGroup section */
		605D2F0319131A2800F41E2E /* InfoPlist.strings */ = {
			isa = PBXVariantGroup;
			children = (
				605D2F0419131A2800F41E2E /* en */,
			);
			name = InfoPlist.strings;
			sourceTree = "<group>";
		};
		605D2F1C19131A2800F41E2E /* InfoPlist.strings */ = {
			isa = PBXVariantGroup;
			children = (
				605D2F1D19131A2800F41E2E /* en */,
			);
			name = InfoPlist.strings;
			sourceTree = "<group>";
		};
/* End PBXVariantGroup section */

/* Begin XCBuildConfiguration section */
		605D2F2119131A2800F41E2E /* Debug */ = {
			isa = XCBuildConfiguration;
			buildSettings = {
				ALWAYS_SEARCH_USER_PATHS = NO;
				CLANG_CXX_LANGUAGE_STANDARD = "gnu++0x";
				CLANG_CXX_LIBRARY = "libc++";
				CLANG_ENABLE_MODULES = YES;
				CLANG_ENABLE_OBJC_ARC = YES;
				CLANG_WARN_BOOL_CONVERSION = YES;
				CLANG_WARN_CONSTANT_CONVERSION = YES;
				CLANG_WARN_DIRECT_OBJC_ISA_USAGE = YES_ERROR;
				CLANG_WARN_EMPTY_BODY = YES;
				CLANG_WARN_ENUM_CONVERSION = YES;
				CLANG_WARN_INT_CONVERSION = YES;
				CLANG_WARN_OBJC_ROOT_CLASS = YES_ERROR;
				CLANG_WARN__DUPLICATE_METHOD_MATCH = YES;
				"CODE_SIGN_IDENTITY[sdk=iphoneos*]" = "iPhone Developer";
				COPY_PHASE_STRIP = NO;
				GCC_C_LANGUAGE_STANDARD = gnu99;
				GCC_DYNAMIC_NO_PIC = NO;
				GCC_OPTIMIZATION_LEVEL = 0;
				GCC_PREPROCESSOR_DEFINITIONS = (
					"DEBUG=1",
					"$(inherited)",
				);
				GCC_SYMBOLS_PRIVATE_EXTERN = NO;
				GCC_WARN_64_TO_32_BIT_CONVERSION = YES;
				GCC_WARN_ABOUT_RETURN_TYPE = YES_ERROR;
				GCC_WARN_UNDECLARED_SELECTOR = YES;
				GCC_WARN_UNINITIALIZED_AUTOS = YES_AGGRESSIVE;
				GCC_WARN_UNUSED_FUNCTION = YES;
				GCC_WARN_UNUSED_VARIABLE = YES;
				IPHONEOS_DEPLOYMENT_TARGET = 7.1;
				ONLY_ACTIVE_ARCH = YES;
				SDKROOT = iphoneos;
			};
			name = Debug;
		};
		605D2F2219131A2800F41E2E /* Release */ = {
			isa = XCBuildConfiguration;
			buildSettings = {
				ALWAYS_SEARCH_USER_PATHS = NO;
				CLANG_CXX_LANGUAGE_STANDARD = "gnu++0x";
				CLANG_CXX_LIBRARY = "libc++";
				CLANG_ENABLE_MODULES = YES;
				CLANG_ENABLE_OBJC_ARC = YES;
				CLANG_WARN_BOOL_CONVERSION = YES;
				CLANG_WARN_CONSTANT_CONVERSION = YES;
				CLANG_WARN_DIRECT_OBJC_ISA_USAGE = YES_ERROR;
				CLANG_WARN_EMPTY_BODY = YES;
				CLANG_WARN_ENUM_CONVERSION = YES;
				CLANG_WARN_INT_CONVERSION = YES;
				CLANG_WARN_OBJC_ROOT_CLASS = YES_ERROR;
				CLANG_WARN__DUPLICATE_METHOD_MATCH = YES;
				"CODE_SIGN_IDENTITY[sdk=iphoneos*]" = "iPhone Developer";
				COPY_PHASE_STRIP = YES;
				ENABLE_NS_ASSERTIONS = NO;
				GCC_C_LANGUAGE_STANDARD = gnu99;
				GCC_WARN_64_TO_32_BIT_CONVERSION = YES;
				GCC_WARN_ABOUT_RETURN_TYPE = YES_ERROR;
				GCC_WARN_UNDECLARED_SELECTOR = YES;
				GCC_WARN_UNINITIALIZED_AUTOS = YES_AGGRESSIVE;
				GCC_WARN_UNUSED_FUNCTION = YES;
				GCC_WARN_UNUSED_VARIABLE = YES;
				IPHONEOS_DEPLOYMENT_TARGET = 7.1;
				SDKROOT = iphoneos;
				VALIDATE_PRODUCT = YES;
			};
			name = Release;
		};
		605D2F2419131A2800F41E2E /* Debug */ = {
			isa = XCBuildConfiguration;
			buildSettings = {
				ASSETCATALOG_COMPILER_APPICON_NAME = AppIcon;
				ASSETCATALOG_COMPILER_LAUNCHIMAGE_NAME = LaunchImage;
				GCC_PRECOMPILE_PREFIX_HEADER = YES;
				GCC_PREFIX_HEADER = "AttendanceChecker/AttendanceChecker-Prefix.pch";
				INFOPLIST_FILE = "AttendanceChecker/AttendanceChecker-Info.plist";
				PRODUCT_NAME = "$(TARGET_NAME)";
				WRAPPER_EXTENSION = app;
			};
			name = Debug;
		};
		605D2F2519131A2800F41E2E /* Release */ = {
			isa = XCBuildConfiguration;
			buildSettings = {
				ASSETCATALOG_COMPILER_APPICON_NAME = AppIcon;
				ASSETCATALOG_COMPILER_LAUNCHIMAGE_NAME = LaunchImage;
				GCC_PRECOMPILE_PREFIX_HEADER = YES;
				GCC_PREFIX_HEADER = "AttendanceChecker/AttendanceChecker-Prefix.pch";
				INFOPLIST_FILE = "AttendanceChecker/AttendanceChecker-Info.plist";
				PRODUCT_NAME = "$(TARGET_NAME)";
				WRAPPER_EXTENSION = app;
			};
			name = Release;
		};
		605D2F2719131A2800F41E2E /* Debug */ = {
			isa = XCBuildConfiguration;
			buildSettings = {
				BUNDLE_LOADER = "$(BUILT_PRODUCTS_DIR)/AttendanceChecker.app/AttendanceChecker";
				FRAMEWORK_SEARCH_PATHS = (
					"$(SDKROOT)/Developer/Library/Frameworks",
					"$(inherited)",
					"$(DEVELOPER_FRAMEWORKS_DIR)",
				);
				GCC_PRECOMPILE_PREFIX_HEADER = YES;
				GCC_PREFIX_HEADER = "AttendanceChecker/AttendanceChecker-Prefix.pch";
				GCC_PREPROCESSOR_DEFINITIONS = (
					"DEBUG=1",
					"$(inherited)",
				);
				INFOPLIST_FILE = "AttendanceCheckerTests/AttendanceCheckerTests-Info.plist";
				PRODUCT_NAME = "$(TARGET_NAME)";
				TEST_HOST = "$(BUNDLE_LOADER)";
				WRAPPER_EXTENSION = xctest;
			};
			name = Debug;
		};
		605D2F2819131A2800F41E2E /* Release */ = {
			isa = XCBuildConfiguration;
			buildSettings = {
				BUNDLE_LOADER = "$(BUILT_PRODUCTS_DIR)/AttendanceChecker.app/AttendanceChecker";
				FRAMEWORK_SEARCH_PATHS = (
					"$(SDKROOT)/Developer/Library/Frameworks",
					"$(inherited)",
					"$(DEVELOPER_FRAMEWORKS_DIR)",
				);
				GCC_PRECOMPILE_PREFIX_HEADER = YES;
				GCC_PREFIX_HEADER = "AttendanceChecker/AttendanceChecker-Prefix.pch";
				INFOPLIST_FILE = "AttendanceCheckerTests/AttendanceCheckerTests-Info.plist";
				PRODUCT_NAME = "$(TARGET_NAME)";
				TEST_HOST = "$(BUNDLE_LOADER)";
				WRAPPER_EXTENSION = xctest;
			};
			name = Release;
		};
/* End XCBuildConfiguration section */

/* Begin XCConfigurationList section */
		605D2EF219131A2800F41E2E /* Build configuration list for PBXProject "AttendanceChecker" */ = {
			isa = XCConfigurationList;
			buildConfigurations = (
				605D2F2119131A2800F41E2E /* Debug */,
				605D2F2219131A2800F41E2E /* Release */,
			);
			defaultConfigurationIsVisible = 0;
			defaultConfigurationName = Release;
		};
		605D2F2319131A2800F41E2E /* Build configuration list for PBXNativeTarget "AttendanceChecker" */ = {
			isa = XCConfigurationList;
			buildConfigurations = (
				605D2F2419131A2800F41E2E /* Debug */,
				605D2F2519131A2800F41E2E /* Release */,
			);
			defaultConfigurationIsVisible = 0;
		};
		605D2F2619131A2800F41E2E /* Build configuration list for PBXNativeTarget "AttendanceCheckerTests" */ = {
			isa = XCConfigurationList;
			buildConfigurations = (
				605D2F2719131A2800F41E2E /* Debug */,
				605D2F2819131A2800F41E2E /* Release */,
			);
			defaultConfigurationIsVisible = 0;
		};
/* End XCConfigurationList section */
	};
	rootObject = 605D2EEF19131A2800F41E2E /* Project object */;
}
