// !$*UTF8*$!
{
	archiveVersion = 1;
	classes = {
	};
	objectVersion = 46;
	objects = {

/* Begin PBXBuildFile section */
		605929C4192C0B14006EB15C /* Foundation.framework in Frameworks */ = {isa = PBXBuildFile; fileRef = 605929C3192C0B14006EB15C /* Foundation.framework */; };
		605929C6192C0B14006EB15C /* CoreGraphics.framework in Frameworks */ = {isa = PBXBuildFile; fileRef = 605929C5192C0B14006EB15C /* CoreGraphics.framework */; };
		605929C8192C0B14006EB15C /* UIKit.framework in Frameworks */ = {isa = PBXBuildFile; fileRef = 605929C7192C0B14006EB15C /* UIKit.framework */; };
		605929CE192C0B14006EB15C /* InfoPlist.strings in Resources */ = {isa = PBXBuildFile; fileRef = 605929CC192C0B14006EB15C /* InfoPlist.strings */; };
		605929D0192C0B14006EB15C /* main.m in Sources */ = {isa = PBXBuildFile; fileRef = 605929CF192C0B14006EB15C /* main.m */; };
		605929D4192C0B14006EB15C /* EVXAppDelegate.m in Sources */ = {isa = PBXBuildFile; fileRef = 605929D3192C0B14006EB15C /* EVXAppDelegate.m */; };
		605929D7192C0B14006EB15C /* Main.storyboard in Resources */ = {isa = PBXBuildFile; fileRef = 605929D5192C0B14006EB15C /* Main.storyboard */; };
		605929DA192C0B14006EB15C /* EVXViewController.m in Sources */ = {isa = PBXBuildFile; fileRef = 605929D9192C0B14006EB15C /* EVXViewController.m */; };
		605929DC192C0B14006EB15C /* Images.xcassets in Resources */ = {isa = PBXBuildFile; fileRef = 605929DB192C0B14006EB15C /* Images.xcassets */; };
		605929E3192C0B15006EB15C /* XCTest.framework in Frameworks */ = {isa = PBXBuildFile; fileRef = 605929E2192C0B14006EB15C /* XCTest.framework */; };
		605929E4192C0B15006EB15C /* Foundation.framework in Frameworks */ = {isa = PBXBuildFile; fileRef = 605929C3192C0B14006EB15C /* Foundation.framework */; };
		605929E5192C0B15006EB15C /* UIKit.framework in Frameworks */ = {isa = PBXBuildFile; fileRef = 605929C7192C0B14006EB15C /* UIKit.framework */; };
		605929ED192C0B15006EB15C /* InfoPlist.strings in Resources */ = {isa = PBXBuildFile; fileRef = 605929EB192C0B15006EB15C /* InfoPlist.strings */; };
		605929EF192C0B15006EB15C /* chAtsEndTests.m in Sources */ = {isa = PBXBuildFile; fileRef = 605929EE192C0B15006EB15C /* chAtsEndTests.m */; };
/* End PBXBuildFile section */

/* Begin PBXContainerItemProxy section */
		605929E6192C0B15006EB15C /* PBXContainerItemProxy */ = {
			isa = PBXContainerItemProxy;
			containerPortal = 605929B8192C0B14006EB15C /* Project object */;
			proxyType = 1;
			remoteGlobalIDString = 605929BF192C0B14006EB15C;
			remoteInfo = chAtsEnd;
		};
/* End PBXContainerItemProxy section */

/* Begin PBXFileReference section */
		605929C0192C0B14006EB15C /* chAtsEnd.app */ = {isa = PBXFileReference; explicitFileType = wrapper.application; includeInIndex = 0; path = chAtsEnd.app; sourceTree = BUILT_PRODUCTS_DIR; };
		605929C3192C0B14006EB15C /* Foundation.framework */ = {isa = PBXFileReference; lastKnownFileType = wrapper.framework; name = Foundation.framework; path = System/Library/Frameworks/Foundation.framework; sourceTree = SDKROOT; };
		605929C5192C0B14006EB15C /* CoreGraphics.framework */ = {isa = PBXFileReference; lastKnownFileType = wrapper.framework; name = CoreGraphics.framework; path = System/Library/Frameworks/CoreGraphics.framework; sourceTree = SDKROOT; };
		605929C7192C0B14006EB15C /* UIKit.framework */ = {isa = PBXFileReference; lastKnownFileType = wrapper.framework; name = UIKit.framework; path = System/Library/Frameworks/UIKit.framework; sourceTree = SDKROOT; };
		605929CB192C0B14006EB15C /* chAtsEnd-Info.plist */ = {isa = PBXFileReference; lastKnownFileType = text.plist.xml; path = "chAtsEnd-Info.plist"; sourceTree = "<group>"; };
		605929CD192C0B14006EB15C /* en */ = {isa = PBXFileReference; lastKnownFileType = text.plist.strings; name = en; path = en.lproj/InfoPlist.strings; sourceTree = "<group>"; };
		605929CF192C0B14006EB15C /* main.m */ = {isa = PBXFileReference; lastKnownFileType = sourcecode.c.objc; path = main.m; sourceTree = "<group>"; };
		605929D1192C0B14006EB15C /* chAtsEnd-Prefix.pch */ = {isa = PBXFileReference; lastKnownFileType = sourcecode.c.h; path = "chAtsEnd-Prefix.pch"; sourceTree = "<group>"; };
		605929D2192C0B14006EB15C /* EVXAppDelegate.h */ = {isa = PBXFileReference; lastKnownFileType = sourcecode.c.h; path = EVXAppDelegate.h; sourceTree = "<group>"; };
		605929D3192C0B14006EB15C /* EVXAppDelegate.m */ = {isa = PBXFileReference; lastKnownFileType = sourcecode.c.objc; path = EVXAppDelegate.m; sourceTree = "<group>"; };
		605929D6192C0B14006EB15C /* Base */ = {isa = PBXFileReference; lastKnownFileType = file.storyboard; name = Base; path = Base.lproj/Main.storyboard; sourceTree = "<group>"; };
		605929D8192C0B14006EB15C /* EVXViewController.h */ = {isa = PBXFileReference; lastKnownFileType = sourcecode.c.h; path = EVXViewController.h; sourceTree = "<group>"; };
		605929D9192C0B14006EB15C /* EVXViewController.m */ = {isa = PBXFileReference; lastKnownFileType = sourcecode.c.objc; path = EVXViewController.m; sourceTree = "<group>"; };
		605929DB192C0B14006EB15C /* Images.xcassets */ = {isa = PBXFileReference; lastKnownFileType = folder.assetcatalog; path = Images.xcassets; sourceTree = "<group>"; };
		605929E1192C0B14006EB15C /* chAtsEndTests.xctest */ = {isa = PBXFileReference; explicitFileType = wrapper.cfbundle; includeInIndex = 0; path = chAtsEndTests.xctest; sourceTree = BUILT_PRODUCTS_DIR; };
		605929E2192C0B14006EB15C /* XCTest.framework */ = {isa = PBXFileReference; lastKnownFileType = wrapper.framework; name = XCTest.framework; path = Library/Frameworks/XCTest.framework; sourceTree = DEVELOPER_DIR; };
		605929EA192C0B15006EB15C /* chAtsEndTests-Info.plist */ = {isa = PBXFileReference; lastKnownFileType = text.plist.xml; path = "chAtsEndTests-Info.plist"; sourceTree = "<group>"; };
		605929EC192C0B15006EB15C /* en */ = {isa = PBXFileReference; lastKnownFileType = text.plist.strings; name = en; path = en.lproj/InfoPlist.strings; sourceTree = "<group>"; };
		605929EE192C0B15006EB15C /* chAtsEndTests.m */ = {isa = PBXFileReference; lastKnownFileType = sourcecode.c.objc; path = chAtsEndTests.m; sourceTree = "<group>"; };
/* End PBXFileReference section */

/* Begin PBXFrameworksBuildPhase section */
		605929BD192C0B14006EB15C /* Frameworks */ = {
			isa = PBXFrameworksBuildPhase;
			buildActionMask = 2147483647;
			files = (
				605929C6192C0B14006EB15C /* CoreGraphics.framework in Frameworks */,
				605929C8192C0B14006EB15C /* UIKit.framework in Frameworks */,
				605929C4192C0B14006EB15C /* Foundation.framework in Frameworks */,
			);
			runOnlyForDeploymentPostprocessing = 0;
		};
		605929DE192C0B14006EB15C /* Frameworks */ = {
			isa = PBXFrameworksBuildPhase;
			buildActionMask = 2147483647;
			files = (
				605929E3192C0B15006EB15C /* XCTest.framework in Frameworks */,
				605929E5192C0B15006EB15C /* UIKit.framework in Frameworks */,
				605929E4192C0B15006EB15C /* Foundation.framework in Frameworks */,
			);
			runOnlyForDeploymentPostprocessing = 0;
		};
/* End PBXFrameworksBuildPhase section */

/* Begin PBXGroup section */
		605929B7192C0B14006EB15C = {
			isa = PBXGroup;
			children = (
				605929C9192C0B14006EB15C /* chAtsEnd */,
				605929E8192C0B15006EB15C /* chAtsEndTests */,
				605929C2192C0B14006EB15C /* Frameworks */,
				605929C1192C0B14006EB15C /* Products */,
			);
			sourceTree = "<group>";
		};
		605929C1192C0B14006EB15C /* Products */ = {
			isa = PBXGroup;
			children = (
				605929C0192C0B14006EB15C /* chAtsEnd.app */,
				605929E1192C0B14006EB15C /* chAtsEndTests.xctest */,
			);
			name = Products;
			sourceTree = "<group>";
		};
		605929C2192C0B14006EB15C /* Frameworks */ = {
			isa = PBXGroup;
			children = (
				605929C3192C0B14006EB15C /* Foundation.framework */,
				605929C5192C0B14006EB15C /* CoreGraphics.framework */,
				605929C7192C0B14006EB15C /* UIKit.framework */,
				605929E2192C0B14006EB15C /* XCTest.framework */,
			);
			name = Frameworks;
			sourceTree = "<group>";
		};
		605929C9192C0B14006EB15C /* chAtsEnd */ = {
			isa = PBXGroup;
			children = (
				605929D2192C0B14006EB15C /* EVXAppDelegate.h */,
				605929D3192C0B14006EB15C /* EVXAppDelegate.m */,
				605929D5192C0B14006EB15C /* Main.storyboard */,
				605929D8192C0B14006EB15C /* EVXViewController.h */,
				605929D9192C0B14006EB15C /* EVXViewController.m */,
				605929DB192C0B14006EB15C /* Images.xcassets */,
				605929CA192C0B14006EB15C /* Supporting Files */,
			);
			path = chAtsEnd;
			sourceTree = "<group>";
		};
		605929CA192C0B14006EB15C /* Supporting Files */ = {
			isa = PBXGroup;
			children = (
				605929CB192C0B14006EB15C /* chAtsEnd-Info.plist */,
				605929CC192C0B14006EB15C /* InfoPlist.strings */,
				605929CF192C0B14006EB15C /* main.m */,
				605929D1192C0B14006EB15C /* chAtsEnd-Prefix.pch */,
			);
			name = "Supporting Files";
			sourceTree = "<group>";
		};
		605929E8192C0B15006EB15C /* chAtsEndTests */ = {
			isa = PBXGroup;
			children = (
				605929EE192C0B15006EB15C /* chAtsEndTests.m */,
				605929E9192C0B15006EB15C /* Supporting Files */,
			);
			path = chAtsEndTests;
			sourceTree = "<group>";
		};
		605929E9192C0B15006EB15C /* Supporting Files */ = {
			isa = PBXGroup;
			children = (
				605929EA192C0B15006EB15C /* chAtsEndTests-Info.plist */,
				605929EB192C0B15006EB15C /* InfoPlist.strings */,
			);
			name = "Supporting Files";
			sourceTree = "<group>";
		};
/* End PBXGroup section */

/* Begin PBXNativeTarget section */
		605929BF192C0B14006EB15C /* chAtsEnd */ = {
			isa = PBXNativeTarget;
			buildConfigurationList = 605929F2192C0B15006EB15C /* Build configuration list for PBXNativeTarget "chAtsEnd" */;
			buildPhases = (
				605929BC192C0B14006EB15C /* Sources */,
				605929BD192C0B14006EB15C /* Frameworks */,
				605929BE192C0B14006EB15C /* Resources */,
			);
			buildRules = (
			);
			dependencies = (
			);
			name = chAtsEnd;
			productName = chAtsEnd;
			productReference = 605929C0192C0B14006EB15C /* chAtsEnd.app */;
			productType = "com.apple.product-type.application";
		};
		605929E0192C0B14006EB15C /* chAtsEndTests */ = {
			isa = PBXNativeTarget;
			buildConfigurationList = 605929F5192C0B15006EB15C /* Build configuration list for PBXNativeTarget "chAtsEndTests" */;
			buildPhases = (
				605929DD192C0B14006EB15C /* Sources */,
				605929DE192C0B14006EB15C /* Frameworks */,
				605929DF192C0B14006EB15C /* Resources */,
			);
			buildRules = (
			);
			dependencies = (
				605929E7192C0B15006EB15C /* PBXTargetDependency */,
			);
			name = chAtsEndTests;
			productName = chAtsEndTests;
			productReference = 605929E1192C0B14006EB15C /* chAtsEndTests.xctest */;
			productType = "com.apple.product-type.bundle.unit-test";
		};
/* End PBXNativeTarget section */

/* Begin PBXProject section */
		605929B8192C0B14006EB15C /* Project object */ = {
			isa = PBXProject;
			attributes = {
				CLASSPREFIX = EVX;
				LastUpgradeCheck = 0510;
				ORGANIZATIONNAME = evxyz001;
				TargetAttributes = {
					605929E0192C0B14006EB15C = {
						TestTargetID = 605929BF192C0B14006EB15C;
					};
				};
			};
			buildConfigurationList = 605929BB192C0B14006EB15C /* Build configuration list for PBXProject "chAtsEnd" */;
			compatibilityVersion = "Xcode 3.2";
			developmentRegion = English;
			hasScannedForEncodings = 0;
			knownRegions = (
				en,
				Base,
			);
			mainGroup = 605929B7192C0B14006EB15C;
			productRefGroup = 605929C1192C0B14006EB15C /* Products */;
			projectDirPath = "";
			projectRoot = "";
			targets = (
				605929BF192C0B14006EB15C /* chAtsEnd */,
				605929E0192C0B14006EB15C /* chAtsEndTests */,
			);
		};
/* End PBXProject section */

/* Begin PBXResourcesBuildPhase section */
		605929BE192C0B14006EB15C /* Resources */ = {
			isa = PBXResourcesBuildPhase;
			buildActionMask = 2147483647;
			files = (
				605929DC192C0B14006EB15C /* Images.xcassets in Resources */,
				605929CE192C0B14006EB15C /* InfoPlist.strings in Resources */,
				605929D7192C0B14006EB15C /* Main.storyboard in Resources */,
			);
			runOnlyForDeploymentPostprocessing = 0;
		};
		605929DF192C0B14006EB15C /* Resources */ = {
			isa = PBXResourcesBuildPhase;
			buildActionMask = 2147483647;
			files = (
				605929ED192C0B15006EB15C /* InfoPlist.strings in Resources */,
			);
			runOnlyForDeploymentPostprocessing = 0;
		};
/* End PBXResourcesBuildPhase section */

/* Begin PBXSourcesBuildPhase section */
		605929BC192C0B14006EB15C /* Sources */ = {
			isa = PBXSourcesBuildPhase;
			buildActionMask = 2147483647;
			files = (
				605929D4192C0B14006EB15C /* EVXAppDelegate.m in Sources */,
				605929DA192C0B14006EB15C /* EVXViewController.m in Sources */,
				605929D0192C0B14006EB15C /* main.m in Sources */,
			);
			runOnlyForDeploymentPostprocessing = 0;
		};
		605929DD192C0B14006EB15C /* Sources */ = {
			isa = PBXSourcesBuildPhase;
			buildActionMask = 2147483647;
			files = (
				605929EF192C0B15006EB15C /* chAtsEndTests.m in Sources */,
			);
			runOnlyForDeploymentPostprocessing = 0;
		};
/* End PBXSourcesBuildPhase section */

/* Begin PBXTargetDependency section */
		605929E7192C0B15006EB15C /* PBXTargetDependency */ = {
			isa = PBXTargetDependency;
			target = 605929BF192C0B14006EB15C /* chAtsEnd */;
			targetProxy = 605929E6192C0B15006EB15C /* PBXContainerItemProxy */;
		};
/* End PBXTargetDependency section */

/* Begin PBXVariantGroup section */
		605929CC192C0B14006EB15C /* InfoPlist.strings */ = {
			isa = PBXVariantGroup;
			children = (
				605929CD192C0B14006EB15C /* en */,
			);
			name = InfoPlist.strings;
			sourceTree = "<group>";
		};
		605929D5192C0B14006EB15C /* Main.storyboard */ = {
			isa = PBXVariantGroup;
			children = (
				605929D6192C0B14006EB15C /* Base */,
			);
			name = Main.storyboard;
			sourceTree = "<group>";
		};
		605929EB192C0B15006EB15C /* InfoPlist.strings */ = {
			isa = PBXVariantGroup;
			children = (
				605929EC192C0B15006EB15C /* en */,
			);
			name = InfoPlist.strings;
			sourceTree = "<group>";
		};
/* End PBXVariantGroup section */

/* Begin XCBuildConfiguration section */
		605929F0192C0B15006EB15C /* Debug */ = {
			isa = XCBuildConfiguration;
			buildSettings = {
				ALWAYS_SEARCH_USER_PATHS = NO;
				CLANG_CXX_LANGUAGE_STANDARD = "gnu++0x";
				CLANG_CXX_LIBRARY = "libc++";
				CLANG_ENABLE_MODULES = YES;
				CLANG_ENABLE_OBJC_ARC = YES;
				CLANG_WARN_BOOL_CONVERSION = YES;
				CLANG_WARN_CONSTANT_CONVERSION = YES;
				CLANG_WARN_DIRECT_OBJC_ISA_USAGE = YES_ERROR;
				CLANG_WARN_EMPTY_BODY = YES;
				CLANG_WARN_ENUM_CONVERSION = YES;
				CLANG_WARN_INT_CONVERSION = YES;
				CLANG_WARN_OBJC_ROOT_CLASS = YES_ERROR;
				CLANG_WARN__DUPLICATE_METHOD_MATCH = YES;
				"CODE_SIGN_IDENTITY[sdk=iphoneos*]" = "iPhone Developer";
				COPY_PHASE_STRIP = NO;
				GCC_C_LANGUAGE_STANDARD = gnu99;
				GCC_DYNAMIC_NO_PIC = NO;
				GCC_OPTIMIZATION_LEVEL = 0;
				GCC_PREPROCESSOR_DEFINITIONS = (
					"DEBUG=1",
					"$(inherited)",
				);
				GCC_SYMBOLS_PRIVATE_EXTERN = NO;
				GCC_WARN_64_TO_32_BIT_CONVERSION = YES;
				GCC_WARN_ABOUT_RETURN_TYPE = YES_ERROR;
				GCC_WARN_UNDECLARED_SELECTOR = YES;
				GCC_WARN_UNINITIALIZED_AUTOS = YES_AGGRESSIVE;
				GCC_WARN_UNUSED_FUNCTION = YES;
				GCC_WARN_UNUSED_VARIABLE = YES;
				IPHONEOS_DEPLOYMENT_TARGET = 7.1;
				ONLY_ACTIVE_ARCH = YES;
				SDKROOT = iphoneos;
			};
			name = Debug;
		};
		605929F1192C0B15006EB15C /* Release */ = {
			isa = XCBuildConfiguration;
			buildSettings = {
				ALWAYS_SEARCH_USER_PATHS = NO;
				CLANG_CXX_LANGUAGE_STANDARD = "gnu++0x";
				CLANG_CXX_LIBRARY = "libc++";
				CLANG_ENABLE_MODULES = YES;
				CLANG_ENABLE_OBJC_ARC = YES;
				CLANG_WARN_BOOL_CONVERSION = YES;
				CLANG_WARN_CONSTANT_CONVERSION = YES;
				CLANG_WARN_DIRECT_OBJC_ISA_USAGE = YES_ERROR;
				CLANG_WARN_EMPTY_BODY = YES;
				CLANG_WARN_ENUM_CONVERSION = YES;
				CLANG_WARN_INT_CONVERSION = YES;
				CLANG_WARN_OBJC_ROOT_CLASS = YES_ERROR;
				CLANG_WARN__DUPLICATE_METHOD_MATCH = YES;
				"CODE_SIGN_IDENTITY[sdk=iphoneos*]" = "iPhone Developer";
				COPY_PHASE_STRIP = YES;
				ENABLE_NS_ASSERTIONS = NO;
				GCC_C_LANGUAGE_STANDARD = gnu99;
				GCC_WARN_64_TO_32_BIT_CONVERSION = YES;
				GCC_WARN_ABOUT_RETURN_TYPE = YES_ERROR;
				GCC_WARN_UNDECLARED_SELECTOR = YES;
				GCC_WARN_UNINITIALIZED_AUTOS = YES_AGGRESSIVE;
				GCC_WARN_UNUSED_FUNCTION = YES;
				GCC_WARN_UNUSED_VARIABLE = YES;
				IPHONEOS_DEPLOYMENT_TARGET = 7.1;
				SDKROOT = iphoneos;
				VALIDATE_PRODUCT = YES;
			};
			name = Release;
		};
		605929F3192C0B15006EB15C /* Debug */ = {
			isa = XCBuildConfiguration;
			buildSettings = {
				ASSETCATALOG_COMPILER_APPICON_NAME = AppIcon;
				ASSETCATALOG_COMPILER_LAUNCHIMAGE_NAME = LaunchImage;
				GCC_PRECOMPILE_PREFIX_HEADER = YES;
				GCC_PREFIX_HEADER = "chAtsEnd/chAtsEnd-Prefix.pch";
				INFOPLIST_FILE = "chAtsEnd/chAtsEnd-Info.plist";
				PRODUCT_NAME = "$(TARGET_NAME)";
				WRAPPER_EXTENSION = app;
			};
			name = Debug;
		};
		605929F4192C0B15006EB15C /* Release */ = {
			isa = XCBuildConfiguration;
			buildSettings = {
				ASSETCATALOG_COMPILER_APPICON_NAME = AppIcon;
				ASSETCATALOG_COMPILER_LAUNCHIMAGE_NAME = LaunchImage;
				GCC_PRECOMPILE_PREFIX_HEADER = YES;
				GCC_PREFIX_HEADER = "chAtsEnd/chAtsEnd-Prefix.pch";
				INFOPLIST_FILE = "chAtsEnd/chAtsEnd-Info.plist";
				PRODUCT_NAME = "$(TARGET_NAME)";
				WRAPPER_EXTENSION = app;
			};
			name = Release;
		};
		605929F6192C0B15006EB15C /* Debug */ = {
			isa = XCBuildConfiguration;
			buildSettings = {
				BUNDLE_LOADER = "$(BUILT_PRODUCTS_DIR)/chAtsEnd.app/chAtsEnd";
				FRAMEWORK_SEARCH_PATHS = (
					"$(SDKROOT)/Developer/Library/Frameworks",
					"$(inherited)",
					"$(DEVELOPER_FRAMEWORKS_DIR)",
				);
				GCC_PRECOMPILE_PREFIX_HEADER = YES;
				GCC_PREFIX_HEADER = "chAtsEnd/chAtsEnd-Prefix.pch";
				GCC_PREPROCESSOR_DEFINITIONS = (
					"DEBUG=1",
					"$(inherited)",
				);
				INFOPLIST_FILE = "chAtsEndTests/chAtsEndTests-Info.plist";
				PRODUCT_NAME = "$(TARGET_NAME)";
				TEST_HOST = "$(BUNDLE_LOADER)";
				WRAPPER_EXTENSION = xctest;
			};
			name = Debug;
		};
		605929F7192C0B15006EB15C /* Release */ = {
			isa = XCBuildConfiguration;
			buildSettings = {
				BUNDLE_LOADER = "$(BUILT_PRODUCTS_DIR)/chAtsEnd.app/chAtsEnd";
				FRAMEWORK_SEARCH_PATHS = (
					"$(SDKROOT)/Developer/Library/Frameworks",
					"$(inherited)",
					"$(DEVELOPER_FRAMEWORKS_DIR)",
				);
				GCC_PRECOMPILE_PREFIX_HEADER = YES;
				GCC_PREFIX_HEADER = "chAtsEnd/chAtsEnd-Prefix.pch";
				INFOPLIST_FILE = "chAtsEndTests/chAtsEndTests-Info.plist";
				PRODUCT_NAME = "$(TARGET_NAME)";
				TEST_HOST = "$(BUNDLE_LOADER)";
				WRAPPER_EXTENSION = xctest;
			};
			name = Release;
		};
/* End XCBuildConfiguration section */

/* Begin XCConfigurationList section */
		605929BB192C0B14006EB15C /* Build configuration list for PBXProject "chAtsEnd" */ = {
			isa = XCConfigurationList;
			buildConfigurations = (
				605929F0192C0B15006EB15C /* Debug */,
				605929F1192C0B15006EB15C /* Release */,
			);
			defaultConfigurationIsVisible = 0;
			defaultConfigurationName = Release;
		};
		605929F2192C0B15006EB15C /* Build configuration list for PBXNativeTarget "chAtsEnd" */ = {
			isa = XCConfigurationList;
			buildConfigurations = (
				605929F3192C0B15006EB15C /* Debug */,
				605929F4192C0B15006EB15C /* Release */,
			);
			defaultConfigurationIsVisible = 0;
		};
		605929F5192C0B15006EB15C /* Build configuration list for PBXNativeTarget "chAtsEndTests" */ = {
			isa = XCConfigurationList;
			buildConfigurations = (
				605929F6192C0B15006EB15C /* Debug */,
				605929F7192C0B15006EB15C /* Release */,
			);
			defaultConfigurationIsVisible = 0;
		};
/* End XCConfigurationList section */
	};
	rootObject = 605929B8192C0B14006EB15C /* Project object */;
}
