// !$*UTF8*$!
{
	archiveVersion = 1;
	classes = {
	};
	objectVersion = 46;
	objects = {

/* Begin PBXBuildFile section */
		60A2B469191C5DA3005438AB /* Foundation.framework in Frameworks */ = {isa = PBXBuildFile; fileRef = 60A2B468191C5DA3005438AB /* Foundation.framework */; };
		60A2B46B191C5DA3005438AB /* CoreGraphics.framework in Frameworks */ = {isa = PBXBuildFile; fileRef = 60A2B46A191C5DA3005438AB /* CoreGraphics.framework */; };
		60A2B46D191C5DA3005438AB /* UIKit.framework in Frameworks */ = {isa = PBXBuildFile; fileRef = 60A2B46C191C5DA3005438AB /* UIKit.framework */; };
		60A2B473191C5DA3005438AB /* InfoPlist.strings in Resources */ = {isa = PBXBuildFile; fileRef = 60A2B471191C5DA3005438AB /* InfoPlist.strings */; };
		60A2B475191C5DA3005438AB /* main.m in Sources */ = {isa = PBXBuildFile; fileRef = 60A2B474191C5DA3005438AB /* main.m */; };
		60A2B479191C5DA3005438AB /* EVXAppDelegate.m in Sources */ = {isa = PBXBuildFile; fileRef = 60A2B478191C5DA3005438AB /* EVXAppDelegate.m */; };
		60A2B47C191C5DA3005438AB /* Main.storyboard in Resources */ = {isa = PBXBuildFile; fileRef = 60A2B47A191C5DA3005438AB /* Main.storyboard */; };
		60A2B47F191C5DA3005438AB /* EVXViewController.m in Sources */ = {isa = PBXBuildFile; fileRef = 60A2B47E191C5DA3005438AB /* EVXViewController.m */; };
		60A2B481191C5DA3005438AB /* Images.xcassets in Resources */ = {isa = PBXBuildFile; fileRef = 60A2B480191C5DA3005438AB /* Images.xcassets */; };
		60A2B488191C5DA3005438AB /* XCTest.framework in Frameworks */ = {isa = PBXBuildFile; fileRef = 60A2B487191C5DA3005438AB /* XCTest.framework */; };
		60A2B489191C5DA3005438AB /* Foundation.framework in Frameworks */ = {isa = PBXBuildFile; fileRef = 60A2B468191C5DA3005438AB /* Foundation.framework */; };
		60A2B48A191C5DA3005438AB /* UIKit.framework in Frameworks */ = {isa = PBXBuildFile; fileRef = 60A2B46C191C5DA3005438AB /* UIKit.framework */; };
		60A2B492191C5DA3005438AB /* InfoPlist.strings in Resources */ = {isa = PBXBuildFile; fileRef = 60A2B490191C5DA3005438AB /* InfoPlist.strings */; };
		60A2B494191C5DA3005438AB /* chatServ000Tests.m in Sources */ = {isa = PBXBuildFile; fileRef = 60A2B493191C5DA3005438AB /* chatServ000Tests.m */; };
/* End PBXBuildFile section */

/* Begin PBXContainerItemProxy section */
		60A2B48B191C5DA3005438AB /* PBXContainerItemProxy */ = {
			isa = PBXContainerItemProxy;
			containerPortal = 60A2B45D191C5DA3005438AB /* Project object */;
			proxyType = 1;
			remoteGlobalIDString = 60A2B464191C5DA3005438AB;
			remoteInfo = chatServ000;
		};
/* End PBXContainerItemProxy section */

/* Begin PBXFileReference section */
		60A2B465191C5DA3005438AB /* chatServ000.app */ = {isa = PBXFileReference; explicitFileType = wrapper.application; includeInIndex = 0; path = chatServ000.app; sourceTree = BUILT_PRODUCTS_DIR; };
		60A2B468191C5DA3005438AB /* Foundation.framework */ = {isa = PBXFileReference; lastKnownFileType = wrapper.framework; name = Foundation.framework; path = System/Library/Frameworks/Foundation.framework; sourceTree = SDKROOT; };
		60A2B46A191C5DA3005438AB /* CoreGraphics.framework */ = {isa = PBXFileReference; lastKnownFileType = wrapper.framework; name = CoreGraphics.framework; path = System/Library/Frameworks/CoreGraphics.framework; sourceTree = SDKROOT; };
		60A2B46C191C5DA3005438AB /* UIKit.framework */ = {isa = PBXFileReference; lastKnownFileType = wrapper.framework; name = UIKit.framework; path = System/Library/Frameworks/UIKit.framework; sourceTree = SDKROOT; };
		60A2B470191C5DA3005438AB /* chatServ000-Info.plist */ = {isa = PBXFileReference; lastKnownFileType = text.plist.xml; path = "chatServ000-Info.plist"; sourceTree = "<group>"; };
		60A2B472191C5DA3005438AB /* en */ = {isa = PBXFileReference; lastKnownFileType = text.plist.strings; name = en; path = en.lproj/InfoPlist.strings; sourceTree = "<group>"; };
		60A2B474191C5DA3005438AB /* main.m */ = {isa = PBXFileReference; lastKnownFileType = sourcecode.c.objc; path = main.m; sourceTree = "<group>"; };
		60A2B476191C5DA3005438AB /* chatServ000-Prefix.pch */ = {isa = PBXFileReference; lastKnownFileType = sourcecode.c.h; path = "chatServ000-Prefix.pch"; sourceTree = "<group>"; };
		60A2B477191C5DA3005438AB /* EVXAppDelegate.h */ = {isa = PBXFileReference; lastKnownFileType = sourcecode.c.h; path = EVXAppDelegate.h; sourceTree = "<group>"; };
		60A2B478191C5DA3005438AB /* EVXAppDelegate.m */ = {isa = PBXFileReference; lastKnownFileType = sourcecode.c.objc; path = EVXAppDelegate.m; sourceTree = "<group>"; };
		60A2B47B191C5DA3005438AB /* Base */ = {isa = PBXFileReference; lastKnownFileType = file.storyboard; name = Base; path = Base.lproj/Main.storyboard; sourceTree = "<group>"; };
		60A2B47D191C5DA3005438AB /* EVXViewController.h */ = {isa = PBXFileReference; lastKnownFileType = sourcecode.c.h; path = EVXViewController.h; sourceTree = "<group>"; };
		60A2B47E191C5DA3005438AB /* EVXViewController.m */ = {isa = PBXFileReference; lastKnownFileType = sourcecode.c.objc; path = EVXViewController.m; sourceTree = "<group>"; };
		60A2B480191C5DA3005438AB /* Images.xcassets */ = {isa = PBXFileReference; lastKnownFileType = folder.assetcatalog; path = Images.xcassets; sourceTree = "<group>"; };
		60A2B486191C5DA3005438AB /* chatServ000Tests.xctest */ = {isa = PBXFileReference; explicitFileType = wrapper.cfbundle; includeInIndex = 0; path = chatServ000Tests.xctest; sourceTree = BUILT_PRODUCTS_DIR; };
		60A2B487191C5DA3005438AB /* XCTest.framework */ = {isa = PBXFileReference; lastKnownFileType = wrapper.framework; name = XCTest.framework; path = Library/Frameworks/XCTest.framework; sourceTree = DEVELOPER_DIR; };
		60A2B48F191C5DA3005438AB /* chatServ000Tests-Info.plist */ = {isa = PBXFileReference; lastKnownFileType = text.plist.xml; path = "chatServ000Tests-Info.plist"; sourceTree = "<group>"; };
		60A2B491191C5DA3005438AB /* en */ = {isa = PBXFileReference; lastKnownFileType = text.plist.strings; name = en; path = en.lproj/InfoPlist.strings; sourceTree = "<group>"; };
		60A2B493191C5DA3005438AB /* chatServ000Tests.m */ = {isa = PBXFileReference; lastKnownFileType = sourcecode.c.objc; path = chatServ000Tests.m; sourceTree = "<group>"; };
/* End PBXFileReference section */

/* Begin PBXFrameworksBuildPhase section */
		60A2B462191C5DA3005438AB /* Frameworks */ = {
			isa = PBXFrameworksBuildPhase;
			buildActionMask = 2147483647;
			files = (
				60A2B46B191C5DA3005438AB /* CoreGraphics.framework in Frameworks */,
				60A2B46D191C5DA3005438AB /* UIKit.framework in Frameworks */,
				60A2B469191C5DA3005438AB /* Foundation.framework in Frameworks */,
			);
			runOnlyForDeploymentPostprocessing = 0;
		};
		60A2B483191C5DA3005438AB /* Frameworks */ = {
			isa = PBXFrameworksBuildPhase;
			buildActionMask = 2147483647;
			files = (
				60A2B488191C5DA3005438AB /* XCTest.framework in Frameworks */,
				60A2B48A191C5DA3005438AB /* UIKit.framework in Frameworks */,
				60A2B489191C5DA3005438AB /* Foundation.framework in Frameworks */,
			);
			runOnlyForDeploymentPostprocessing = 0;
		};
/* End PBXFrameworksBuildPhase section */

/* Begin PBXGroup section */
		60A2B45C191C5DA3005438AB = {
			isa = PBXGroup;
			children = (
				60A2B46E191C5DA3005438AB /* chatServ000 */,
				60A2B48D191C5DA3005438AB /* chatServ000Tests */,
				60A2B467191C5DA3005438AB /* Frameworks */,
				60A2B466191C5DA3005438AB /* Products */,
			);
			sourceTree = "<group>";
		};
		60A2B466191C5DA3005438AB /* Products */ = {
			isa = PBXGroup;
			children = (
				60A2B465191C5DA3005438AB /* chatServ000.app */,
				60A2B486191C5DA3005438AB /* chatServ000Tests.xctest */,
			);
			name = Products;
			sourceTree = "<group>";
		};
		60A2B467191C5DA3005438AB /* Frameworks */ = {
			isa = PBXGroup;
			children = (
				60A2B468191C5DA3005438AB /* Foundation.framework */,
				60A2B46A191C5DA3005438AB /* CoreGraphics.framework */,
				60A2B46C191C5DA3005438AB /* UIKit.framework */,
				60A2B487191C5DA3005438AB /* XCTest.framework */,
			);
			name = Frameworks;
			sourceTree = "<group>";
		};
		60A2B46E191C5DA3005438AB /* chatServ000 */ = {
			isa = PBXGroup;
			children = (
				60A2B477191C5DA3005438AB /* EVXAppDelegate.h */,
				60A2B478191C5DA3005438AB /* EVXAppDelegate.m */,
				60A2B47A191C5DA3005438AB /* Main.storyboard */,
				60A2B47D191C5DA3005438AB /* EVXViewController.h */,
				60A2B47E191C5DA3005438AB /* EVXViewController.m */,
				60A2B480191C5DA3005438AB /* Images.xcassets */,
				60A2B46F191C5DA3005438AB /* Supporting Files */,
			);
			path = chatServ000;
			sourceTree = "<group>";
		};
		60A2B46F191C5DA3005438AB /* Supporting Files */ = {
			isa = PBXGroup;
			children = (
				60A2B470191C5DA3005438AB /* chatServ000-Info.plist */,
				60A2B471191C5DA3005438AB /* InfoPlist.strings */,
				60A2B474191C5DA3005438AB /* main.m */,
				60A2B476191C5DA3005438AB /* chatServ000-Prefix.pch */,
			);
			name = "Supporting Files";
			sourceTree = "<group>";
		};
		60A2B48D191C5DA3005438AB /* chatServ000Tests */ = {
			isa = PBXGroup;
			children = (
				60A2B493191C5DA3005438AB /* chatServ000Tests.m */,
				60A2B48E191C5DA3005438AB /* Supporting Files */,
			);
			path = chatServ000Tests;
			sourceTree = "<group>";
		};
		60A2B48E191C5DA3005438AB /* Supporting Files */ = {
			isa = PBXGroup;
			children = (
				60A2B48F191C5DA3005438AB /* chatServ000Tests-Info.plist */,
				60A2B490191C5DA3005438AB /* InfoPlist.strings */,
			);
			name = "Supporting Files";
			sourceTree = "<group>";
		};
/* End PBXGroup section */

/* Begin PBXNativeTarget section */
		60A2B464191C5DA3005438AB /* chatServ000 */ = {
			isa = PBXNativeTarget;
			buildConfigurationList = 60A2B497191C5DA3005438AB /* Build configuration list for PBXNativeTarget "chatServ000" */;
			buildPhases = (
				60A2B461191C5DA3005438AB /* Sources */,
				60A2B462191C5DA3005438AB /* Frameworks */,
				60A2B463191C5DA3005438AB /* Resources */,
			);
			buildRules = (
			);
			dependencies = (
			);
			name = chatServ000;
			productName = chatServ000;
			productReference = 60A2B465191C5DA3005438AB /* chatServ000.app */;
			productType = "com.apple.product-type.application";
		};
		60A2B485191C5DA3005438AB /* chatServ000Tests */ = {
			isa = PBXNativeTarget;
			buildConfigurationList = 60A2B49A191C5DA3005438AB /* Build configuration list for PBXNativeTarget "chatServ000Tests" */;
			buildPhases = (
				60A2B482191C5DA3005438AB /* Sources */,
				60A2B483191C5DA3005438AB /* Frameworks */,
				60A2B484191C5DA3005438AB /* Resources */,
			);
			buildRules = (
			);
			dependencies = (
				60A2B48C191C5DA3005438AB /* PBXTargetDependency */,
			);
			name = chatServ000Tests;
			productName = chatServ000Tests;
			productReference = 60A2B486191C5DA3005438AB /* chatServ000Tests.xctest */;
			productType = "com.apple.product-type.bundle.unit-test";
		};
/* End PBXNativeTarget section */

/* Begin PBXProject section */
		60A2B45D191C5DA3005438AB /* Project object */ = {
			isa = PBXProject;
			attributes = {
				CLASSPREFIX = EVX;
				LastUpgradeCheck = 0510;
				ORGANIZATIONNAME = evxyz001;
				TargetAttributes = {
					60A2B485191C5DA3005438AB = {
						TestTargetID = 60A2B464191C5DA3005438AB;
					};
				};
			};
			buildConfigurationList = 60A2B460191C5DA3005438AB /* Build configuration list for PBXProject "chatServ000" */;
			compatibilityVersion = "Xcode 3.2";
			developmentRegion = English;
			hasScannedForEncodings = 0;
			knownRegions = (
				en,
				Base,
			);
			mainGroup = 60A2B45C191C5DA3005438AB;
			productRefGroup = 60A2B466191C5DA3005438AB /* Products */;
			projectDirPath = "";
			projectRoot = "";
			targets = (
				60A2B464191C5DA3005438AB /* chatServ000 */,
				60A2B485191C5DA3005438AB /* chatServ000Tests */,
			);
		};
/* End PBXProject section */

/* Begin PBXResourcesBuildPhase section */
		60A2B463191C5DA3005438AB /* Resources */ = {
			isa = PBXResourcesBuildPhase;
			buildActionMask = 2147483647;
			files = (
				60A2B481191C5DA3005438AB /* Images.xcassets in Resources */,
				60A2B473191C5DA3005438AB /* InfoPlist.strings in Resources */,
				60A2B47C191C5DA3005438AB /* Main.storyboard in Resources */,
			);
			runOnlyForDeploymentPostprocessing = 0;
		};
		60A2B484191C5DA3005438AB /* Resources */ = {
			isa = PBXResourcesBuildPhase;
			buildActionMask = 2147483647;
			files = (
				60A2B492191C5DA3005438AB /* InfoPlist.strings in Resources */,
			);
			runOnlyForDeploymentPostprocessing = 0;
		};
/* End PBXResourcesBuildPhase section */

/* Begin PBXSourcesBuildPhase section */
		60A2B461191C5DA3005438AB /* Sources */ = {
			isa = PBXSourcesBuildPhase;
			buildActionMask = 2147483647;
			files = (
				60A2B479191C5DA3005438AB /* EVXAppDelegate.m in Sources */,
				60A2B47F191C5DA3005438AB /* EVXViewController.m in Sources */,
				60A2B475191C5DA3005438AB /* main.m in Sources */,
			);
			runOnlyForDeploymentPostprocessing = 0;
		};
		60A2B482191C5DA3005438AB /* Sources */ = {
			isa = PBXSourcesBuildPhase;
			buildActionMask = 2147483647;
			files = (
				60A2B494191C5DA3005438AB /* chatServ000Tests.m in Sources */,
			);
			runOnlyForDeploymentPostprocessing = 0;
		};
/* End PBXSourcesBuildPhase section */

/* Begin PBXTargetDependency section */
		60A2B48C191C5DA3005438AB /* PBXTargetDependency */ = {
			isa = PBXTargetDependency;
			target = 60A2B464191C5DA3005438AB /* chatServ000 */;
			targetProxy = 60A2B48B191C5DA3005438AB /* PBXContainerItemProxy */;
		};
/* End PBXTargetDependency section */

/* Begin PBXVariantGroup section */
		60A2B471191C5DA3005438AB /* InfoPlist.strings */ = {
			isa = PBXVariantGroup;
			children = (
				60A2B472191C5DA3005438AB /* en */,
			);
			name = InfoPlist.strings;
			sourceTree = "<group>";
		};
		60A2B47A191C5DA3005438AB /* Main.storyboard */ = {
			isa = PBXVariantGroup;
			children = (
				60A2B47B191C5DA3005438AB /* Base */,
			);
			name = Main.storyboard;
			sourceTree = "<group>";
		};
		60A2B490191C5DA3005438AB /* InfoPlist.strings */ = {
			isa = PBXVariantGroup;
			children = (
				60A2B491191C5DA3005438AB /* en */,
			);
			name = InfoPlist.strings;
			sourceTree = "<group>";
		};
/* End PBXVariantGroup section */

/* Begin XCBuildConfiguration section */
		60A2B495191C5DA3005438AB /* Debug */ = {
			isa = XCBuildConfiguration;
			buildSettings = {
				ALWAYS_SEARCH_USER_PATHS = NO;
				CLANG_CXX_LANGUAGE_STANDARD = "gnu++0x";
				CLANG_CXX_LIBRARY = "libc++";
				CLANG_ENABLE_MODULES = YES;
				CLANG_ENABLE_OBJC_ARC = YES;
				CLANG_WARN_BOOL_CONVERSION = YES;
				CLANG_WARN_CONSTANT_CONVERSION = YES;
				CLANG_WARN_DIRECT_OBJC_ISA_USAGE = YES_ERROR;
				CLANG_WARN_EMPTY_BODY = YES;
				CLANG_WARN_ENUM_CONVERSION = YES;
				CLANG_WARN_INT_CONVERSION = YES;
				CLANG_WARN_OBJC_ROOT_CLASS = YES_ERROR;
				CLANG_WARN__DUPLICATE_METHOD_MATCH = YES;
				"CODE_SIGN_IDENTITY[sdk=iphoneos*]" = "iPhone Developer";
				COPY_PHASE_STRIP = NO;
				GCC_C_LANGUAGE_STANDARD = gnu99;
				GCC_DYNAMIC_NO_PIC = NO;
				GCC_OPTIMIZATION_LEVEL = 0;
				GCC_PREPROCESSOR_DEFINITIONS = (
					"DEBUG=1",
					"$(inherited)",
				);
				GCC_SYMBOLS_PRIVATE_EXTERN = NO;
				GCC_WARN_64_TO_32_BIT_CONVERSION = YES;
				GCC_WARN_ABOUT_RETURN_TYPE = YES_ERROR;
				GCC_WARN_UNDECLARED_SELECTOR = YES;
				GCC_WARN_UNINITIALIZED_AUTOS = YES_AGGRESSIVE;
				GCC_WARN_UNUSED_FUNCTION = YES;
				GCC_WARN_UNUSED_VARIABLE = YES;
				IPHONEOS_DEPLOYMENT_TARGET = 7.1;
				ONLY_ACTIVE_ARCH = YES;
				SDKROOT = iphoneos;
			};
			name = Debug;
		};
		60A2B496191C5DA3005438AB /* Release */ = {
			isa = XCBuildConfiguration;
			buildSettings = {
				ALWAYS_SEARCH_USER_PATHS = NO;
				CLANG_CXX_LANGUAGE_STANDARD = "gnu++0x";
				CLANG_CXX_LIBRARY = "libc++";
				CLANG_ENABLE_MODULES = YES;
				CLANG_ENABLE_OBJC_ARC = YES;
				CLANG_WARN_BOOL_CONVERSION = YES;
				CLANG_WARN_CONSTANT_CONVERSION = YES;
				CLANG_WARN_DIRECT_OBJC_ISA_USAGE = YES_ERROR;
				CLANG_WARN_EMPTY_BODY = YES;
				CLANG_WARN_ENUM_CONVERSION = YES;
				CLANG_WARN_INT_CONVERSION = YES;
				CLANG_WARN_OBJC_ROOT_CLASS = YES_ERROR;
				CLANG_WARN__DUPLICATE_METHOD_MATCH = YES;
				"CODE_SIGN_IDENTITY[sdk=iphoneos*]" = "iPhone Developer";
				COPY_PHASE_STRIP = YES;
				ENABLE_NS_ASSERTIONS = NO;
				GCC_C_LANGUAGE_STANDARD = gnu99;
				GCC_WARN_64_TO_32_BIT_CONVERSION = YES;
				GCC_WARN_ABOUT_RETURN_TYPE = YES_ERROR;
				GCC_WARN_UNDECLARED_SELECTOR = YES;
				GCC_WARN_UNINITIALIZED_AUTOS = YES_AGGRESSIVE;
				GCC_WARN_UNUSED_FUNCTION = YES;
				GCC_WARN_UNUSED_VARIABLE = YES;
				IPHONEOS_DEPLOYMENT_TARGET = 7.1;
				SDKROOT = iphoneos;
				VALIDATE_PRODUCT = YES;
			};
			name = Release;
		};
		60A2B498191C5DA3005438AB /* Debug */ = {
			isa = XCBuildConfiguration;
			buildSettings = {
				ASSETCATALOG_COMPILER_APPICON_NAME = AppIcon;
				ASSETCATALOG_COMPILER_LAUNCHIMAGE_NAME = LaunchImage;
				GCC_PRECOMPILE_PREFIX_HEADER = YES;
				GCC_PREFIX_HEADER = "chatServ000/chatServ000-Prefix.pch";
				INFOPLIST_FILE = "chatServ000/chatServ000-Info.plist";
				PRODUCT_NAME = "$(TARGET_NAME)";
				WRAPPER_EXTENSION = app;
			};
			name = Debug;
		};
		60A2B499191C5DA3005438AB /* Release */ = {
			isa = XCBuildConfiguration;
			buildSettings = {
				ASSETCATALOG_COMPILER_APPICON_NAME = AppIcon;
				ASSETCATALOG_COMPILER_LAUNCHIMAGE_NAME = LaunchImage;
				GCC_PRECOMPILE_PREFIX_HEADER = YES;
				GCC_PREFIX_HEADER = "chatServ000/chatServ000-Prefix.pch";
				INFOPLIST_FILE = "chatServ000/chatServ000-Info.plist";
				PRODUCT_NAME = "$(TARGET_NAME)";
				WRAPPER_EXTENSION = app;
			};
			name = Release;
		};
		60A2B49B191C5DA3005438AB /* Debug */ = {
			isa = XCBuildConfiguration;
			buildSettings = {
				BUNDLE_LOADER = "$(BUILT_PRODUCTS_DIR)/chatServ000.app/chatServ000";
				FRAMEWORK_SEARCH_PATHS = (
					"$(SDKROOT)/Developer/Library/Frameworks",
					"$(inherited)",
					"$(DEVELOPER_FRAMEWORKS_DIR)",
				);
				GCC_PRECOMPILE_PREFIX_HEADER = YES;
				GCC_PREFIX_HEADER = "chatServ000/chatServ000-Prefix.pch";
				GCC_PREPROCESSOR_DEFINITIONS = (
					"DEBUG=1",
					"$(inherited)",
				);
				INFOPLIST_FILE = "chatServ000Tests/chatServ000Tests-Info.plist";
				PRODUCT_NAME = "$(TARGET_NAME)";
				TEST_HOST = "$(BUNDLE_LOADER)";
				WRAPPER_EXTENSION = xctest;
			};
			name = Debug;
		};
		60A2B49C191C5DA3005438AB /* Release */ = {
			isa = XCBuildConfiguration;
			buildSettings = {
				BUNDLE_LOADER = "$(BUILT_PRODUCTS_DIR)/chatServ000.app/chatServ000";
				FRAMEWORK_SEARCH_PATHS = (
					"$(SDKROOT)/Developer/Library/Frameworks",
					"$(inherited)",
					"$(DEVELOPER_FRAMEWORKS_DIR)",
				);
				GCC_PRECOMPILE_PREFIX_HEADER = YES;
				GCC_PREFIX_HEADER = "chatServ000/chatServ000-Prefix.pch";
				INFOPLIST_FILE = "chatServ000Tests/chatServ000Tests-Info.plist";
				PRODUCT_NAME = "$(TARGET_NAME)";
				TEST_HOST = "$(BUNDLE_LOADER)";
				WRAPPER_EXTENSION = xctest;
			};
			name = Release;
		};
/* End XCBuildConfiguration section */

/* Begin XCConfigurationList section */
		60A2B460191C5DA3005438AB /* Build configuration list for PBXProject "chatServ000" */ = {
			isa = XCConfigurationList;
			buildConfigurations = (
				60A2B495191C5DA3005438AB /* Debug */,
				60A2B496191C5DA3005438AB /* Release */,
			);
			defaultConfigurationIsVisible = 0;
			defaultConfigurationName = Release;
		};
		60A2B497191C5DA3005438AB /* Build configuration list for PBXNativeTarget "chatServ000" */ = {
			isa = XCConfigurationList;
			buildConfigurations = (
				60A2B498191C5DA3005438AB /* Debug */,
				60A2B499191C5DA3005438AB /* Release */,
			);
			defaultConfigurationIsVisible = 0;
		};
		60A2B49A191C5DA3005438AB /* Build configuration list for PBXNativeTarget "chatServ000Tests" */ = {
			isa = XCConfigurationList;
			buildConfigurations = (
				60A2B49B191C5DA3005438AB /* Debug */,
				60A2B49C191C5DA3005438AB /* Release */,
			);
			defaultConfigurationIsVisible = 0;
		};
/* End XCConfigurationList section */
	};
	rootObject = 60A2B45D191C5DA3005438AB /* Project object */;
}
