// !$*UTF8*$!
{
	archiveVersion = 1;
	classes = {
	};
	objectVersion = 46;
	objects = {

/* Begin PBXBuildFile section */
		605D2EC0191313FB00F41E2E /* Foundation.framework in Frameworks */ = {isa = PBXBuildFile; fileRef = 605D2EBF191313FB00F41E2E /* Foundation.framework */; };
		605D2EC2191313FB00F41E2E /* CoreGraphics.framework in Frameworks */ = {isa = PBXBuildFile; fileRef = 605D2EC1191313FB00F41E2E /* CoreGraphics.framework */; };
		605D2EC4191313FB00F41E2E /* UIKit.framework in Frameworks */ = {isa = PBXBuildFile; fileRef = 605D2EC3191313FB00F41E2E /* UIKit.framework */; };
		605D2ECA191313FB00F41E2E /* InfoPlist.strings in Resources */ = {isa = PBXBuildFile; fileRef = 605D2EC8191313FB00F41E2E /* InfoPlist.strings */; };
		605D2ECC191313FB00F41E2E /* main.m in Sources */ = {isa = PBXBuildFile; fileRef = 605D2ECB191313FB00F41E2E /* main.m */; };
		605D2ED0191313FB00F41E2E /* EVXAppDelegate.m in Sources */ = {isa = PBXBuildFile; fileRef = 605D2ECF191313FB00F41E2E /* EVXAppDelegate.m */; };
		605D2ED2191313FB00F41E2E /* Images.xcassets in Resources */ = {isa = PBXBuildFile; fileRef = 605D2ED1191313FB00F41E2E /* Images.xcassets */; };
		605D2ED9191313FC00F41E2E /* XCTest.framework in Frameworks */ = {isa = PBXBuildFile; fileRef = 605D2ED8191313FC00F41E2E /* XCTest.framework */; };
		605D2EDA191313FC00F41E2E /* Foundation.framework in Frameworks */ = {isa = PBXBuildFile; fileRef = 605D2EBF191313FB00F41E2E /* Foundation.framework */; };
		605D2EDB191313FC00F41E2E /* UIKit.framework in Frameworks */ = {isa = PBXBuildFile; fileRef = 605D2EC3191313FB00F41E2E /* UIKit.framework */; };
		605D2EE3191313FC00F41E2E /* InfoPlist.strings in Resources */ = {isa = PBXBuildFile; fileRef = 605D2EE1191313FC00F41E2E /* InfoPlist.strings */; };
		605D2EE5191313FC00F41E2E /* ChatServe002Tests.m in Sources */ = {isa = PBXBuildFile; fileRef = 605D2EE4191313FC00F41E2E /* ChatServe002Tests.m */; };
/* End PBXBuildFile section */

/* Begin PBXContainerItemProxy section */
		605D2EDC191313FC00F41E2E /* PBXContainerItemProxy */ = {
			isa = PBXContainerItemProxy;
			containerPortal = 605D2EB4191313FB00F41E2E /* Project object */;
			proxyType = 1;
			remoteGlobalIDString = 605D2EBB191313FB00F41E2E;
			remoteInfo = ChatServe002;
		};
/* End PBXContainerItemProxy section */

/* Begin PBXFileReference section */
		605D2EBC191313FB00F41E2E /* ChatServe002.app */ = {isa = PBXFileReference; explicitFileType = wrapper.application; includeInIndex = 0; path = ChatServe002.app; sourceTree = BUILT_PRODUCTS_DIR; };
		605D2EBF191313FB00F41E2E /* Foundation.framework */ = {isa = PBXFileReference; lastKnownFileType = wrapper.framework; name = Foundation.framework; path = System/Library/Frameworks/Foundation.framework; sourceTree = SDKROOT; };
		605D2EC1191313FB00F41E2E /* CoreGraphics.framework */ = {isa = PBXFileReference; lastKnownFileType = wrapper.framework; name = CoreGraphics.framework; path = System/Library/Frameworks/CoreGraphics.framework; sourceTree = SDKROOT; };
		605D2EC3191313FB00F41E2E /* UIKit.framework */ = {isa = PBXFileReference; lastKnownFileType = wrapper.framework; name = UIKit.framework; path = System/Library/Frameworks/UIKit.framework; sourceTree = SDKROOT; };
		605D2EC7191313FB00F41E2E /* ChatServe002-Info.plist */ = {isa = PBXFileReference; lastKnownFileType = text.plist.xml; path = "ChatServe002-Info.plist"; sourceTree = "<group>"; };
		605D2EC9191313FB00F41E2E /* en */ = {isa = PBXFileReference; lastKnownFileType = text.plist.strings; name = en; path = en.lproj/InfoPlist.strings; sourceTree = "<group>"; };
		605D2ECB191313FB00F41E2E /* main.m */ = {isa = PBXFileReference; lastKnownFileType = sourcecode.c.objc; path = main.m; sourceTree = "<group>"; };
		605D2ECD191313FB00F41E2E /* ChatServe002-Prefix.pch */ = {isa = PBXFileReference; lastKnownFileType = sourcecode.c.h; path = "ChatServe002-Prefix.pch"; sourceTree = "<group>"; };
		605D2ECE191313FB00F41E2E /* EVXAppDelegate.h */ = {isa = PBXFileReference; lastKnownFileType = sourcecode.c.h; path = EVXAppDelegate.h; sourceTree = "<group>"; };
		605D2ECF191313FB00F41E2E /* EVXAppDelegate.m */ = {isa = PBXFileReference; lastKnownFileType = sourcecode.c.objc; path = EVXAppDelegate.m; sourceTree = "<group>"; };
		605D2ED1191313FB00F41E2E /* Images.xcassets */ = {isa = PBXFileReference; lastKnownFileType = folder.assetcatalog; path = Images.xcassets; sourceTree = "<group>"; };
		605D2ED7191313FC00F41E2E /* ChatServe002Tests.xctest */ = {isa = PBXFileReference; explicitFileType = wrapper.cfbundle; includeInIndex = 0; path = ChatServe002Tests.xctest; sourceTree = BUILT_PRODUCTS_DIR; };
		605D2ED8191313FC00F41E2E /* XCTest.framework */ = {isa = PBXFileReference; lastKnownFileType = wrapper.framework; name = XCTest.framework; path = Library/Frameworks/XCTest.framework; sourceTree = DEVELOPER_DIR; };
		605D2EE0191313FC00F41E2E /* ChatServe002Tests-Info.plist */ = {isa = PBXFileReference; lastKnownFileType = text.plist.xml; path = "ChatServe002Tests-Info.plist"; sourceTree = "<group>"; };
		605D2EE2191313FC00F41E2E /* en */ = {isa = PBXFileReference; lastKnownFileType = text.plist.strings; name = en; path = en.lproj/InfoPlist.strings; sourceTree = "<group>"; };
		605D2EE4191313FC00F41E2E /* ChatServe002Tests.m */ = {isa = PBXFileReference; lastKnownFileType = sourcecode.c.objc; path = ChatServe002Tests.m; sourceTree = "<group>"; };
/* End PBXFileReference section */

/* Begin PBXFrameworksBuildPhase section */
		605D2EB9191313FB00F41E2E /* Frameworks */ = {
			isa = PBXFrameworksBuildPhase;
			buildActionMask = 2147483647;
			files = (
				605D2EC2191313FB00F41E2E /* CoreGraphics.framework in Frameworks */,
				605D2EC4191313FB00F41E2E /* UIKit.framework in Frameworks */,
				605D2EC0191313FB00F41E2E /* Foundation.framework in Frameworks */,
			);
			runOnlyForDeploymentPostprocessing = 0;
		};
		605D2ED4191313FC00F41E2E /* Frameworks */ = {
			isa = PBXFrameworksBuildPhase;
			buildActionMask = 2147483647;
			files = (
				605D2ED9191313FC00F41E2E /* XCTest.framework in Frameworks */,
				605D2EDB191313FC00F41E2E /* UIKit.framework in Frameworks */,
				605D2EDA191313FC00F41E2E /* Foundation.framework in Frameworks */,
			);
			runOnlyForDeploymentPostprocessing = 0;
		};
/* End PBXFrameworksBuildPhase section */

/* Begin PBXGroup section */
		605D2EB3191313FB00F41E2E = {
			isa = PBXGroup;
			children = (
				605D2EC5191313FB00F41E2E /* ChatServe002 */,
				605D2EDE191313FC00F41E2E /* ChatServe002Tests */,
				605D2EBE191313FB00F41E2E /* Frameworks */,
				605D2EBD191313FB00F41E2E /* Products */,
			);
			sourceTree = "<group>";
		};
		605D2EBD191313FB00F41E2E /* Products */ = {
			isa = PBXGroup;
			children = (
				605D2EBC191313FB00F41E2E /* ChatServe002.app */,
				605D2ED7191313FC00F41E2E /* ChatServe002Tests.xctest */,
			);
			name = Products;
			sourceTree = "<group>";
		};
		605D2EBE191313FB00F41E2E /* Frameworks */ = {
			isa = PBXGroup;
			children = (
				605D2EBF191313FB00F41E2E /* Foundation.framework */,
				605D2EC1191313FB00F41E2E /* CoreGraphics.framework */,
				605D2EC3191313FB00F41E2E /* UIKit.framework */,
				605D2ED8191313FC00F41E2E /* XCTest.framework */,
			);
			name = Frameworks;
			sourceTree = "<group>";
		};
		605D2EC5191313FB00F41E2E /* ChatServe002 */ = {
			isa = PBXGroup;
			children = (
				605D2ECE191313FB00F41E2E /* EVXAppDelegate.h */,
				605D2ECF191313FB00F41E2E /* EVXAppDelegate.m */,
				605D2ED1191313FB00F41E2E /* Images.xcassets */,
				605D2EC6191313FB00F41E2E /* Supporting Files */,
			);
			path = ChatServe002;
			sourceTree = "<group>";
		};
		605D2EC6191313FB00F41E2E /* Supporting Files */ = {
			isa = PBXGroup;
			children = (
				605D2EC7191313FB00F41E2E /* ChatServe002-Info.plist */,
				605D2EC8191313FB00F41E2E /* InfoPlist.strings */,
				605D2ECB191313FB00F41E2E /* main.m */,
				605D2ECD191313FB00F41E2E /* ChatServe002-Prefix.pch */,
			);
			name = "Supporting Files";
			sourceTree = "<group>";
		};
		605D2EDE191313FC00F41E2E /* ChatServe002Tests */ = {
			isa = PBXGroup;
			children = (
				605D2EE4191313FC00F41E2E /* ChatServe002Tests.m */,
				605D2EDF191313FC00F41E2E /* Supporting Files */,
			);
			path = ChatServe002Tests;
			sourceTree = "<group>";
		};
		605D2EDF191313FC00F41E2E /* Supporting Files */ = {
			isa = PBXGroup;
			children = (
				605D2EE0191313FC00F41E2E /* ChatServe002Tests-Info.plist */,
				605D2EE1191313FC00F41E2E /* InfoPlist.strings */,
			);
			name = "Supporting Files";
			sourceTree = "<group>";
		};
/* End PBXGroup section */

/* Begin PBXNativeTarget section */
		605D2EBB191313FB00F41E2E /* ChatServe002 */ = {
			isa = PBXNativeTarget;
			buildConfigurationList = 605D2EE8191313FC00F41E2E /* Build configuration list for PBXNativeTarget "ChatServe002" */;
			buildPhases = (
				605D2EB8191313FB00F41E2E /* Sources */,
				605D2EB9191313FB00F41E2E /* Frameworks */,
				605D2EBA191313FB00F41E2E /* Resources */,
			);
			buildRules = (
			);
			dependencies = (
			);
			name = ChatServe002;
			productName = ChatServe002;
			productReference = 605D2EBC191313FB00F41E2E /* ChatServe002.app */;
			productType = "com.apple.product-type.application";
		};
		605D2ED6191313FC00F41E2E /* ChatServe002Tests */ = {
			isa = PBXNativeTarget;
			buildConfigurationList = 605D2EEB191313FC00F41E2E /* Build configuration list for PBXNativeTarget "ChatServe002Tests" */;
			buildPhases = (
				605D2ED3191313FC00F41E2E /* Sources */,
				605D2ED4191313FC00F41E2E /* Frameworks */,
				605D2ED5191313FC00F41E2E /* Resources */,
			);
			buildRules = (
			);
			dependencies = (
				605D2EDD191313FC00F41E2E /* PBXTargetDependency */,
			);
			name = ChatServe002Tests;
			productName = ChatServe002Tests;
			productReference = 605D2ED7191313FC00F41E2E /* ChatServe002Tests.xctest */;
			productType = "com.apple.product-type.bundle.unit-test";
		};
/* End PBXNativeTarget section */

/* Begin PBXProject section */
		605D2EB4191313FB00F41E2E /* Project object */ = {
			isa = PBXProject;
			attributes = {
				CLASSPREFIX = EVX;
				LastUpgradeCheck = 0510;
				ORGANIZATIONNAME = evxyz001;
				TargetAttributes = {
					605D2ED6191313FC00F41E2E = {
						TestTargetID = 605D2EBB191313FB00F41E2E;
					};
				};
			};
			buildConfigurationList = 605D2EB7191313FB00F41E2E /* Build configuration list for PBXProject "ChatServe002" */;
			compatibilityVersion = "Xcode 3.2";
			developmentRegion = English;
			hasScannedForEncodings = 0;
			knownRegions = (
				en,
			);
			mainGroup = 605D2EB3191313FB00F41E2E;
			productRefGroup = 605D2EBD191313FB00F41E2E /* Products */;
			projectDirPath = "";
			projectRoot = "";
			targets = (
				605D2EBB191313FB00F41E2E /* ChatServe002 */,
				605D2ED6191313FC00F41E2E /* ChatServe002Tests */,
			);
		};
/* End PBXProject section */

/* Begin PBXResourcesBuildPhase section */
		605D2EBA191313FB00F41E2E /* Resources */ = {
			isa = PBXResourcesBuildPhase;
			buildActionMask = 2147483647;
			files = (
				605D2ECA191313FB00F41E2E /* InfoPlist.strings in Resources */,
				605D2ED2191313FB00F41E2E /* Images.xcassets in Resources */,
			);
			runOnlyForDeploymentPostprocessing = 0;
		};
		605D2ED5191313FC00F41E2E /* Resources */ = {
			isa = PBXResourcesBuildPhase;
			buildActionMask = 2147483647;
			files = (
				605D2EE3191313FC00F41E2E /* InfoPlist.strings in Resources */,
			);
			runOnlyForDeploymentPostprocessing = 0;
		};
/* End PBXResourcesBuildPhase section */

/* Begin PBXSourcesBuildPhase section */
		605D2EB8191313FB00F41E2E /* Sources */ = {
			isa = PBXSourcesBuildPhase;
			buildActionMask = 2147483647;
			files = (
				605D2ED0191313FB00F41E2E /* EVXAppDelegate.m in Sources */,
				605D2ECC191313FB00F41E2E /* main.m in Sources */,
			);
			runOnlyForDeploymentPostprocessing = 0;
		};
		605D2ED3191313FC00F41E2E /* Sources */ = {
			isa = PBXSourcesBuildPhase;
			buildActionMask = 2147483647;
			files = (
				605D2EE5191313FC00F41E2E /* ChatServe002Tests.m in Sources */,
			);
			runOnlyForDeploymentPostprocessing = 0;
		};
/* End PBXSourcesBuildPhase section */

/* Begin PBXTargetDependency section */
		605D2EDD191313FC00F41E2E /* PBXTargetDependency */ = {
			isa = PBXTargetDependency;
			target = 605D2EBB191313FB00F41E2E /* ChatServe002 */;
			targetProxy = 605D2EDC191313FC00F41E2E /* PBXContainerItemProxy */;
		};
/* End PBXTargetDependency section */

/* Begin PBXVariantGroup section */
		605D2EC8191313FB00F41E2E /* InfoPlist.strings */ = {
			isa = PBXVariantGroup;
			children = (
				605D2EC9191313FB00F41E2E /* en */,
			);
			name = InfoPlist.strings;
			sourceTree = "<group>";
		};
		605D2EE1191313FC00F41E2E /* InfoPlist.strings */ = {
			isa = PBXVariantGroup;
			children = (
				605D2EE2191313FC00F41E2E /* en */,
			);
			name = InfoPlist.strings;
			sourceTree = "<group>";
		};
/* End PBXVariantGroup section */

/* Begin XCBuildConfiguration section */
		605D2EE6191313FC00F41E2E /* Debug */ = {
			isa = XCBuildConfiguration;
			buildSettings = {
				ALWAYS_SEARCH_USER_PATHS = NO;
				CLANG_CXX_LANGUAGE_STANDARD = "gnu++0x";
				CLANG_CXX_LIBRARY = "libc++";
				CLANG_ENABLE_MODULES = YES;
				CLANG_ENABLE_OBJC_ARC = YES;
				CLANG_WARN_BOOL_CONVERSION = YES;
				CLANG_WARN_CONSTANT_CONVERSION = YES;
				CLANG_WARN_DIRECT_OBJC_ISA_USAGE = YES_ERROR;
				CLANG_WARN_EMPTY_BODY = YES;
				CLANG_WARN_ENUM_CONVERSION = YES;
				CLANG_WARN_INT_CONVERSION = YES;
				CLANG_WARN_OBJC_ROOT_CLASS = YES_ERROR;
				CLANG_WARN__DUPLICATE_METHOD_MATCH = YES;
				"CODE_SIGN_IDENTITY[sdk=iphoneos*]" = "iPhone Developer";
				COPY_PHASE_STRIP = NO;
				GCC_C_LANGUAGE_STANDARD = gnu99;
				GCC_DYNAMIC_NO_PIC = NO;
				GCC_OPTIMIZATION_LEVEL = 0;
				GCC_PREPROCESSOR_DEFINITIONS = (
					"DEBUG=1",
					"$(inherited)",
				);
				GCC_SYMBOLS_PRIVATE_EXTERN = NO;
				GCC_WARN_64_TO_32_BIT_CONVERSION = YES;
				GCC_WARN_ABOUT_RETURN_TYPE = YES_ERROR;
				GCC_WARN_UNDECLARED_SELECTOR = YES;
				GCC_WARN_UNINITIALIZED_AUTOS = YES_AGGRESSIVE;
				GCC_WARN_UNUSED_FUNCTION = YES;
				GCC_WARN_UNUSED_VARIABLE = YES;
				IPHONEOS_DEPLOYMENT_TARGET = 7.1;
				ONLY_ACTIVE_ARCH = YES;
				SDKROOT = iphoneos;
			};
			name = Debug;
		};
		605D2EE7191313FC00F41E2E /* Release */ = {
			isa = XCBuildConfiguration;
			buildSettings = {
				ALWAYS_SEARCH_USER_PATHS = NO;
				CLANG_CXX_LANGUAGE_STANDARD = "gnu++0x";
				CLANG_CXX_LIBRARY = "libc++";
				CLANG_ENABLE_MODULES = YES;
				CLANG_ENABLE_OBJC_ARC = YES;
				CLANG_WARN_BOOL_CONVERSION = YES;
				CLANG_WARN_CONSTANT_CONVERSION = YES;
				CLANG_WARN_DIRECT_OBJC_ISA_USAGE = YES_ERROR;
				CLANG_WARN_EMPTY_BODY = YES;
				CLANG_WARN_ENUM_CONVERSION = YES;
				CLANG_WARN_INT_CONVERSION = YES;
				CLANG_WARN_OBJC_ROOT_CLASS = YES_ERROR;
				CLANG_WARN__DUPLICATE_METHOD_MATCH = YES;
				"CODE_SIGN_IDENTITY[sdk=iphoneos*]" = "iPhone Developer";
				COPY_PHASE_STRIP = YES;
				ENABLE_NS_ASSERTIONS = NO;
				GCC_C_LANGUAGE_STANDARD = gnu99;
				GCC_WARN_64_TO_32_BIT_CONVERSION = YES;
				GCC_WARN_ABOUT_RETURN_TYPE = YES_ERROR;
				GCC_WARN_UNDECLARED_SELECTOR = YES;
				GCC_WARN_UNINITIALIZED_AUTOS = YES_AGGRESSIVE;
				GCC_WARN_UNUSED_FUNCTION = YES;
				GCC_WARN_UNUSED_VARIABLE = YES;
				IPHONEOS_DEPLOYMENT_TARGET = 7.1;
				SDKROOT = iphoneos;
				VALIDATE_PRODUCT = YES;
			};
			name = Release;
		};
		605D2EE9191313FC00F41E2E /* Debug */ = {
			isa = XCBuildConfiguration;
			buildSettings = {
				ASSETCATALOG_COMPILER_APPICON_NAME = AppIcon;
				ASSETCATALOG_COMPILER_LAUNCHIMAGE_NAME = LaunchImage;
				GCC_PRECOMPILE_PREFIX_HEADER = YES;
				GCC_PREFIX_HEADER = "ChatServe002/ChatServe002-Prefix.pch";
				INFOPLIST_FILE = "ChatServe002/ChatServe002-Info.plist";
				PRODUCT_NAME = "$(TARGET_NAME)";
				WRAPPER_EXTENSION = app;
			};
			name = Debug;
		};
		605D2EEA191313FC00F41E2E /* Release */ = {
			isa = XCBuildConfiguration;
			buildSettings = {
				ASSETCATALOG_COMPILER_APPICON_NAME = AppIcon;
				ASSETCATALOG_COMPILER_LAUNCHIMAGE_NAME = LaunchImage;
				GCC_PRECOMPILE_PREFIX_HEADER = YES;
				GCC_PREFIX_HEADER = "ChatServe002/ChatServe002-Prefix.pch";
				INFOPLIST_FILE = "ChatServe002/ChatServe002-Info.plist";
				PRODUCT_NAME = "$(TARGET_NAME)";
				WRAPPER_EXTENSION = app;
			};
			name = Release;
		};
		605D2EEC191313FC00F41E2E /* Debug */ = {
			isa = XCBuildConfiguration;
			buildSettings = {
				BUNDLE_LOADER = "$(BUILT_PRODUCTS_DIR)/ChatServe002.app/ChatServe002";
				FRAMEWORK_SEARCH_PATHS = (
					"$(SDKROOT)/Developer/Library/Frameworks",
					"$(inherited)",
					"$(DEVELOPER_FRAMEWORKS_DIR)",
				);
				GCC_PRECOMPILE_PREFIX_HEADER = YES;
				GCC_PREFIX_HEADER = "ChatServe002/ChatServe002-Prefix.pch";
				GCC_PREPROCESSOR_DEFINITIONS = (
					"DEBUG=1",
					"$(inherited)",
				);
				INFOPLIST_FILE = "ChatServe002Tests/ChatServe002Tests-Info.plist";
				PRODUCT_NAME = "$(TARGET_NAME)";
				TEST_HOST = "$(BUNDLE_LOADER)";
				WRAPPER_EXTENSION = xctest;
			};
			name = Debug;
		};
		605D2EED191313FC00F41E2E /* Release */ = {
			isa = XCBuildConfiguration;
			buildSettings = {
				BUNDLE_LOADER = "$(BUILT_PRODUCTS_DIR)/ChatServe002.app/ChatServe002";
				FRAMEWORK_SEARCH_PATHS = (
					"$(SDKROOT)/Developer/Library/Frameworks",
					"$(inherited)",
					"$(DEVELOPER_FRAMEWORKS_DIR)",
				);
				GCC_PRECOMPILE_PREFIX_HEADER = YES;
				GCC_PREFIX_HEADER = "ChatServe002/ChatServe002-Prefix.pch";
				INFOPLIST_FILE = "ChatServe002Tests/ChatServe002Tests-Info.plist";
				PRODUCT_NAME = "$(TARGET_NAME)";
				TEST_HOST = "$(BUNDLE_LOADER)";
				WRAPPER_EXTENSION = xctest;
			};
			name = Release;
		};
/* End XCBuildConfiguration section */

/* Begin XCConfigurationList section */
		605D2EB7191313FB00F41E2E /* Build configuration list for PBXProject "ChatServe002" */ = {
			isa = XCConfigurationList;
			buildConfigurations = (
				605D2EE6191313FC00F41E2E /* Debug */,
				605D2EE7191313FC00F41E2E /* Release */,
			);
			defaultConfigurationIsVisible = 0;
			defaultConfigurationName = Release;
		};
		605D2EE8191313FC00F41E2E /* Build configuration list for PBXNativeTarget "ChatServe002" */ = {
			isa = XCConfigurationList;
			buildConfigurations = (
				605D2EE9191313FC00F41E2E /* Debug */,
				605D2EEA191313FC00F41E2E /* Release */,
			);
			defaultConfigurationIsVisible = 0;
		};
		605D2EEB191313FC00F41E2E /* Build configuration list for PBXNativeTarget "ChatServe002Tests" */ = {
			isa = XCConfigurationList;
			buildConfigurations = (
				605D2EEC191313FC00F41E2E /* Debug */,
				605D2EED191313FC00F41E2E /* Release */,
			);
			defaultConfigurationIsVisible = 0;
		};
/* End XCConfigurationList section */
	};
	rootObject = 605D2EB4191313FB00F41E2E /* Project object */;
}
